
Microsoft Visual Studio Solution File, Format Version 12.00
# Visual Studio 14
VisualStudioVersion = 14.0.25420.1
MinimumVisualStudioVersion = 10.0.40219.1
Project("{FAE04EC0-301F-11D3-BF4B-00C04F79EFBC}") = "Urho", "bindings\Urho.csproj", "{641886DB-2C6C-4D33-88DA-97BEC0EC5F86}"
EndProject
Project("{2150E333-8FDC-42A3-9474-1A3956D46DE8}") = "Misc", "Misc", "{ED29FA71-95CA-4E72-92F8-813A25C81218}"
	ProjectSection(SolutionItems) = preProject
		MakeAndroid = MakeAndroid
		Makefile = Makefile
		MakeiOS = MakeiOS
		MakeMac = MakeMac
		Urho.HoloLens.nuspec = Urho.HoloLens.nuspec
		Urho.nuspec = Urho.nuspec
		Nuget\HoloLens\UrhoSharp.HoloLens.targets = Nuget\HoloLens\UrhoSharp.HoloLens.targets
		Nuget\Android\UrhoSharp.targets = Nuget\Android\UrhoSharp.targets
		Nuget\Desktop\UrhoSharp.targets = Nuget\Desktop\UrhoSharp.targets
		Nuget\iOS\UrhoSharp.targets = Nuget\iOS\UrhoSharp.targets
		Nuget\Android\UrhoSharpReadme.txt = Nuget\Android\UrhoSharpReadme.txt
		Nuget\Desktop\UrhoSharpReadme.txt = Nuget\Desktop\UrhoSharpReadme.txt
		Nuget\iOS\UrhoSharpReadme.txt = Nuget\iOS\UrhoSharpReadme.txt
	EndProjectSection
EndProject
Project("{2150E333-8FDC-42A3-9474-1A3956D46DE8}") = "Native", "Native", "{02DFD71E-AC0B-4D8A-9038-CD4EE9ED7209}"
EndProject
Project("{FAE04EC0-301F-11D3-BF4B-00C04F79EFBC}") = "Urho.iOS", "bindings\Urho.iOS.csproj", "{048373C2-B60A-4F61-B095-287C57437EFB}"
EndProject
Project("{FAE04EC0-301F-11D3-BF4B-00C04F79EFBC}") = "Urho.Droid", "bindings\Urho.Droid.csproj", "{F0C1189B-75F7-4BD8-B394-A23D5B03EFF6}"
EndProject
Project("{FAE04EC0-301F-11D3-BF4B-00C04F79EFBC}") = "Urho.Forms", "bindings\Urho.Forms.csproj", "{D599C47F-B9E0-4A58-82E8-6286E0442E8F}"
EndProject
Project("{FAE04EC0-301F-11D3-BF4B-00C04F79EFBC}") = "Urho.Forms.Droid", "bindings\Urho.Forms.Droid.csproj", "{8BAE491B-46F0-4A51-A456-D7A3B332BDC4}"
EndProject
Project("{FAE04EC0-301F-11D3-BF4B-00C04F79EFBC}") = "Urho.Forms.iOS", "bindings\Urho.Forms.iOS.csproj", "{8F3352BA-BF6A-49F8-81D6-58D54B3EA72B}"
EndProject
Project("{2150E333-8FDC-42A3-9474-1A3956D46DE8}") = "Forms", "Forms", "{B2858361-A335-49FA-A9B9-8877E4B1B0EF}"
EndProject
Project("{D954291E-2A0B-460D-934E-DC6B0785DB48}") = "Urho.Shared", "Bindings\Urho.Shared.shproj", "{05693742-16E4-45AD-B7DD-B5F3DE51BC11}"
EndProject
Project("{FAE04EC0-301F-11D3-BF4B-00C04F79EFBC}") = "Urho.Droid.SdlBinding", "Bindings\Android\Urho.Droid.SdlBinding\Urho.Droid.SdlBinding.csproj", "{68A19C58-7EBA-4AF4-BE15-F5D7A13B6C97}"
EndProject
Project("{2150E333-8FDC-42A3-9474-1A3956D46DE8}") = "Tests", "Tests", "{1958F8CC-E712-41FF-9C2C-3F7FD4B6C511}"
EndProject
Project("{2150E333-8FDC-42A3-9474-1A3956D46DE8}") = "Playgrounds", "Playgrounds", "{7B31BB67-CA12-41DD-8DDF-779B7E7561D3}"
EndProject
Project("{9344BDBB-3E7F-41FC-A0DD-8665D75EE146}") = "MonoUrho.UWP", "Urho3D\Urho3D_UWP\MonoUrho.UWP\MonoUrho.UWP.vcxproj", "{BB427E6D-F5F7-46B6-90D5-72E3F20707E0}"
EndProject
Project("{9344BDBB-3E7F-41FC-A0DD-8665D75EE146}") = "MonoUrho.Windows", "Urho3D\Urho3D_Windows\MonoUrho.Windows\MonoUrho.Windows.vcxproj", "{6D2AD32A-1630-4AB2-82CA-4CA825AFEAB2}"
EndProject
Project("{9344BDBB-3E7F-41FC-A0DD-8665D75EE146}") = "UrhoSharp.HoloLens", "Urho3D\Urho3D_HoloLens\UrhoSharp.HoloLens\UrhoSharp.HoloLens.vcxproj", "{8048936D-C4A6-4AE8-8D65-DA1FAB7B3EF8}"
EndProject
Project("{9344BDBB-3E7F-41FC-A0DD-8665D75EE146}") = "MonoUrho.WindowsD3D", "Urho3D\Urho3D_Windows\MonoUrho.Windows\MonoUrho.WindowsD3D.vcxproj", "{BB6A00AC-BD77-4DD1-B055-14CCCA85AA37}"
EndProject
Project("{9344BDBB-3E7F-41FC-A0DD-8665D75EE146}") = "Urho.Desktop", "bindings\Urho.Desktop.csproj", "{F1436B52-B3D8-4775-9AC1-101EF09C9648}"
EndProject
Project("{9344BDBB-3E7F-41FC-A0DD-8665D75EE146}") = "Urho.UWP", "Bindings\UWP\Urho.UWP.csproj", "{E2374429-A0AF-4DC4-9E60-4A4AB172A836}"
EndProject
Project("{9344BDBB-3E7F-41FC-A0DD-8665D75EE146}") = "Urho.Forms.UWP", "Bindings\UWP\Forms\Urho.Forms.UWP.csproj", "{4F14BAF5-B5CD-4D99-994A-1A38FF18D94E}"
EndProject
Project("{9344BDBB-3E7F-41FC-A0DD-8665D75EE146}") = "Urho.Tests", "Tests\Urho.Tests\Urho.Tests.csproj", "{4101A32A-1CEC-4EB5-AACA-93AA370C1E49}"
EndProject
Project("{9344BDBB-3E7F-41FC-A0DD-8665D75EE146}") = "Urho.Tests.Desktop", "Tests\Urho.Tests.Desktop\Urho.Tests.Desktop.csproj", "{D89C5C5F-2BA2-49FC-A5CD-499D570B4B9E}"
EndProject
Project("{9344BDBB-3E7F-41FC-A0DD-8665D75EE146}") = "Playgrounds.HoloLens", "Tests\Playgrounds\Playgrounds.HoloLens\Playgrounds.HoloLens.csproj", "{2FF0FFB4-9701-4FB7-B963-B70C30A06D48}"
EndProject
Project("{9344BDBB-3E7F-41FC-A0DD-8665D75EE146}") = "Playgrounds.Console", "Tests\Playgrounds\Playgrounds.Console\Playgrounds.Console.csproj", "{53DA692B-1AA6-4D34-B50D-4FDCF9A4612A}"
EndProject
Project("{9344BDBB-3E7F-41FC-A0DD-8665D75EE146}") = "Playgrounds.UWP", "Tests\Playgrounds\Playgrounds.UWP\Playgrounds.UWP.csproj", "{7BF468FF-6244-4805-BA8B-09075E480AE5}"
EndProject
Project("{9344BDBB-3E7F-41FC-A0DD-8665D75EE146}") = "Playgrounds.Droid", "Tests\Playgrounds\Playgrounds.Droid\Playgrounds.Droid.csproj", "{4D94A708-EF08-4272-A69C-8B1FBC095678}"
EndProject
Project("{9344BDBB-3E7F-41FC-A0DD-8665D75EE146}") = "Urho.HoloLens", "Bindings\HoloLens\Urho.HoloLens.csproj", "{D5F96CAF-F3C6-46AD-B653-F9406A943C6F}"
EndProject
Global
	GlobalSection(SharedMSBuildProjectFiles) = preSolution
		Bindings\Urho.Shared.projitems*{048373c2-b60a-4f61-b095-287c57437efb}*SharedItemsImports = 4
		Bindings\Urho.Shared.projitems*{05693742-16e4-45ad-b7dd-b5f3de51bc11}*SharedItemsImports = 13
		Bindings\Urho.Shared.projitems*{3afdab77-57ce-4fce-8324-81d57556a4fa}*SharedItemsImports = 4
		Bindings\Urho.Shared.projitems*{3b881c69-a1ac-410a-a633-ea9fca4a760c}*SharedItemsImports = 4
		Bindings\Urho.Shared.projitems*{641886db-2c6c-4d33-88da-97bec0ec5f86}*SharedItemsImports = 4
		Bindings\Urho.Shared.projitems*{8bae491b-46f0-4a51-a456-d7a3b332bdc4}*SharedItemsImports = 4
		Bindings\Urho.Shared.projitems*{8f3352ba-bf6a-49f8-81d6-58d54b3ea72b}*SharedItemsImports = 4
		Bindings\Urho.Shared.projitems*{9c3a02c0-6776-438a-aaf7-9f95af55e243}*SharedItemsImports = 4
		Bindings\Urho.Shared.projitems*{d599c47f-b9e0-4a58-82e8-6286e0442e8f}*SharedItemsImports = 4
		Bindings\Urho.Shared.projitems*{f0359d5e-d6d4-47d3-a9f0-5a97c31dc476}*SharedItemsImports = 4
	EndGlobalSection
	GlobalSection(SolutionConfigurationPlatforms) = preSolution
		Debug|Any CPU = Debug|Any CPU
		Debug|ARM = Debug|ARM
		Debug|iPhone = Debug|iPhone
		Debug|iPhoneSimulator = Debug|iPhoneSimulator
		Debug|x64 = Debug|x64
		Debug|x86 = Debug|x86
		Package|Any CPU = Package|Any CPU
		Package|ARM = Package|ARM
		Package|iPhone = Package|iPhone
		Package|iPhoneSimulator = Package|iPhoneSimulator
		Package|x64 = Package|x64
		Package|x86 = Package|x86
		Release|Any CPU = Release|Any CPU
		Release|ARM = Release|ARM
		Release|iPhone = Release|iPhone
		Release|iPhoneSimulator = Release|iPhoneSimulator
		Release|x64 = Release|x64
		Release|x86 = Release|x86
		RelWithDebInfo|Any CPU = RelWithDebInfo|Any CPU
		RelWithDebInfo|ARM = RelWithDebInfo|ARM
		RelWithDebInfo|iPhone = RelWithDebInfo|iPhone
		RelWithDebInfo|iPhoneSimulator = RelWithDebInfo|iPhoneSimulator
		RelWithDebInfo|x64 = RelWithDebInfo|x64
		RelWithDebInfo|x86 = RelWithDebInfo|x86
	EndGlobalSection
	GlobalSection(ProjectConfigurationPlatforms) = postSolution
		{641886DB-2C6C-4D33-88DA-97BEC0EC5F86}.Debug|Any CPU.ActiveCfg = Debug|Any CPU
		{641886DB-2C6C-4D33-88DA-97BEC0EC5F86}.Debug|Any CPU.Build.0 = Debug|Any CPU
		{641886DB-2C6C-4D33-88DA-97BEC0EC5F86}.Debug|ARM.ActiveCfg = Debug|Any CPU
		{641886DB-2C6C-4D33-88DA-97BEC0EC5F86}.Debug|ARM.Build.0 = Debug|Any CPU
		{641886DB-2C6C-4D33-88DA-97BEC0EC5F86}.Debug|iPhone.ActiveCfg = Debug|Any CPU
		{641886DB-2C6C-4D33-88DA-97BEC0EC5F86}.Debug|iPhone.Build.0 = Debug|Any CPU
		{641886DB-2C6C-4D33-88DA-97BEC0EC5F86}.Debug|iPhoneSimulator.ActiveCfg = Debug|Any CPU
		{641886DB-2C6C-4D33-88DA-97BEC0EC5F86}.Debug|iPhoneSimulator.Build.0 = Debug|Any CPU
		{641886DB-2C6C-4D33-88DA-97BEC0EC5F86}.Debug|x64.ActiveCfg = Debug|Any CPU
		{641886DB-2C6C-4D33-88DA-97BEC0EC5F86}.Debug|x64.Build.0 = Debug|Any CPU
		{641886DB-2C6C-4D33-88DA-97BEC0EC5F86}.Debug|x86.ActiveCfg = Debug|Any CPU
		{641886DB-2C6C-4D33-88DA-97BEC0EC5F86}.Debug|x86.Build.0 = Debug|Any CPU
		{641886DB-2C6C-4D33-88DA-97BEC0EC5F86}.Package|Any CPU.ActiveCfg = Release|Any CPU
		{641886DB-2C6C-4D33-88DA-97BEC0EC5F86}.Package|Any CPU.Build.0 = Release|Any CPU
		{641886DB-2C6C-4D33-88DA-97BEC0EC5F86}.Package|ARM.ActiveCfg = Release|Any CPU
		{641886DB-2C6C-4D33-88DA-97BEC0EC5F86}.Package|ARM.Build.0 = Release|Any CPU
		{641886DB-2C6C-4D33-88DA-97BEC0EC5F86}.Package|iPhone.ActiveCfg = Release|Any CPU
		{641886DB-2C6C-4D33-88DA-97BEC0EC5F86}.Package|iPhone.Build.0 = Release|Any CPU
		{641886DB-2C6C-4D33-88DA-97BEC0EC5F86}.Package|iPhoneSimulator.ActiveCfg = Release|Any CPU
		{641886DB-2C6C-4D33-88DA-97BEC0EC5F86}.Package|iPhoneSimulator.Build.0 = Release|Any CPU
		{641886DB-2C6C-4D33-88DA-97BEC0EC5F86}.Package|x64.ActiveCfg = Release|Any CPU
		{641886DB-2C6C-4D33-88DA-97BEC0EC5F86}.Package|x64.Build.0 = Release|Any CPU
		{641886DB-2C6C-4D33-88DA-97BEC0EC5F86}.Package|x86.ActiveCfg = Release|Any CPU
		{641886DB-2C6C-4D33-88DA-97BEC0EC5F86}.Package|x86.Build.0 = Release|Any CPU
		{641886DB-2C6C-4D33-88DA-97BEC0EC5F86}.Release|Any CPU.ActiveCfg = Release|Any CPU
		{641886DB-2C6C-4D33-88DA-97BEC0EC5F86}.Release|Any CPU.Build.0 = Release|Any CPU
		{641886DB-2C6C-4D33-88DA-97BEC0EC5F86}.Release|ARM.ActiveCfg = Release|Any CPU
		{641886DB-2C6C-4D33-88DA-97BEC0EC5F86}.Release|ARM.Build.0 = Release|Any CPU
		{641886DB-2C6C-4D33-88DA-97BEC0EC5F86}.Release|iPhone.ActiveCfg = Release|Any CPU
		{641886DB-2C6C-4D33-88DA-97BEC0EC5F86}.Release|iPhone.Build.0 = Release|Any CPU
		{641886DB-2C6C-4D33-88DA-97BEC0EC5F86}.Release|iPhoneSimulator.ActiveCfg = Release|Any CPU
		{641886DB-2C6C-4D33-88DA-97BEC0EC5F86}.Release|iPhoneSimulator.Build.0 = Release|Any CPU
		{641886DB-2C6C-4D33-88DA-97BEC0EC5F86}.Release|x64.ActiveCfg = Release|Any CPU
		{641886DB-2C6C-4D33-88DA-97BEC0EC5F86}.Release|x64.Build.0 = Release|Any CPU
		{641886DB-2C6C-4D33-88DA-97BEC0EC5F86}.Release|x86.ActiveCfg = Release|Any CPU
		{641886DB-2C6C-4D33-88DA-97BEC0EC5F86}.Release|x86.Build.0 = Release|Any CPU
		{641886DB-2C6C-4D33-88DA-97BEC0EC5F86}.RelWithDebInfo|Any CPU.ActiveCfg = Release|Any CPU
		{641886DB-2C6C-4D33-88DA-97BEC0EC5F86}.RelWithDebInfo|Any CPU.Build.0 = Release|Any CPU
		{641886DB-2C6C-4D33-88DA-97BEC0EC5F86}.RelWithDebInfo|ARM.ActiveCfg = Release|Any CPU
		{641886DB-2C6C-4D33-88DA-97BEC0EC5F86}.RelWithDebInfo|ARM.Build.0 = Release|Any CPU
		{641886DB-2C6C-4D33-88DA-97BEC0EC5F86}.RelWithDebInfo|iPhone.ActiveCfg = Release|Any CPU
		{641886DB-2C6C-4D33-88DA-97BEC0EC5F86}.RelWithDebInfo|iPhone.Build.0 = Release|Any CPU
		{641886DB-2C6C-4D33-88DA-97BEC0EC5F86}.RelWithDebInfo|iPhoneSimulator.ActiveCfg = Release|Any CPU
		{641886DB-2C6C-4D33-88DA-97BEC0EC5F86}.RelWithDebInfo|iPhoneSimulator.Build.0 = Release|Any CPU
		{641886DB-2C6C-4D33-88DA-97BEC0EC5F86}.RelWithDebInfo|x64.ActiveCfg = Release|Any CPU
		{641886DB-2C6C-4D33-88DA-97BEC0EC5F86}.RelWithDebInfo|x64.Build.0 = Release|Any CPU
		{641886DB-2C6C-4D33-88DA-97BEC0EC5F86}.RelWithDebInfo|x86.ActiveCfg = Release|Any CPU
		{641886DB-2C6C-4D33-88DA-97BEC0EC5F86}.RelWithDebInfo|x86.Build.0 = Release|Any CPU
		{048373C2-B60A-4F61-B095-287C57437EFB}.Debug|Any CPU.ActiveCfg = Debug|Any CPU
		{048373C2-B60A-4F61-B095-287C57437EFB}.Debug|Any CPU.Build.0 = Debug|Any CPU
		{048373C2-B60A-4F61-B095-287C57437EFB}.Debug|ARM.ActiveCfg = Debug|Any CPU
		{048373C2-B60A-4F61-B095-287C57437EFB}.Debug|ARM.Build.0 = Debug|Any CPU
		{048373C2-B60A-4F61-B095-287C57437EFB}.Debug|iPhone.ActiveCfg = Debug|Any CPU
		{048373C2-B60A-4F61-B095-287C57437EFB}.Debug|iPhone.Build.0 = Debug|Any CPU
		{048373C2-B60A-4F61-B095-287C57437EFB}.Debug|iPhoneSimulator.ActiveCfg = Debug|Any CPU
		{048373C2-B60A-4F61-B095-287C57437EFB}.Debug|iPhoneSimulator.Build.0 = Debug|Any CPU
		{048373C2-B60A-4F61-B095-287C57437EFB}.Debug|x64.ActiveCfg = Debug|Any CPU
		{048373C2-B60A-4F61-B095-287C57437EFB}.Debug|x64.Build.0 = Debug|Any CPU
		{048373C2-B60A-4F61-B095-287C57437EFB}.Debug|x86.ActiveCfg = Debug|Any CPU
		{048373C2-B60A-4F61-B095-287C57437EFB}.Debug|x86.Build.0 = Debug|Any CPU
		{048373C2-B60A-4F61-B095-287C57437EFB}.Package|Any CPU.ActiveCfg = Release|Any CPU
		{048373C2-B60A-4F61-B095-287C57437EFB}.Package|ARM.ActiveCfg = Release|Any CPU
		{048373C2-B60A-4F61-B095-287C57437EFB}.Package|ARM.Build.0 = Release|Any CPU
		{048373C2-B60A-4F61-B095-287C57437EFB}.Package|iPhone.ActiveCfg = Release|Any CPU
		{048373C2-B60A-4F61-B095-287C57437EFB}.Package|iPhone.Build.0 = Release|Any CPU
		{048373C2-B60A-4F61-B095-287C57437EFB}.Package|iPhoneSimulator.ActiveCfg = Release|Any CPU
		{048373C2-B60A-4F61-B095-287C57437EFB}.Package|iPhoneSimulator.Build.0 = Release|Any CPU
		{048373C2-B60A-4F61-B095-287C57437EFB}.Package|x64.ActiveCfg = Release|Any CPU
		{048373C2-B60A-4F61-B095-287C57437EFB}.Package|x86.ActiveCfg = Release|Any CPU
		{048373C2-B60A-4F61-B095-287C57437EFB}.Release|Any CPU.ActiveCfg = Release|Any CPU
		{048373C2-B60A-4F61-B095-287C57437EFB}.Release|Any CPU.Build.0 = Release|Any CPU
		{048373C2-B60A-4F61-B095-287C57437EFB}.Release|ARM.ActiveCfg = Release|Any CPU
		{048373C2-B60A-4F61-B095-287C57437EFB}.Release|ARM.Build.0 = Release|Any CPU
		{048373C2-B60A-4F61-B095-287C57437EFB}.Release|iPhone.ActiveCfg = Release|Any CPU
		{048373C2-B60A-4F61-B095-287C57437EFB}.Release|iPhone.Build.0 = Release|Any CPU
		{048373C2-B60A-4F61-B095-287C57437EFB}.Release|iPhoneSimulator.ActiveCfg = Release|Any CPU
		{048373C2-B60A-4F61-B095-287C57437EFB}.Release|iPhoneSimulator.Build.0 = Release|Any CPU
		{048373C2-B60A-4F61-B095-287C57437EFB}.Release|x64.ActiveCfg = Release|Any CPU
		{048373C2-B60A-4F61-B095-287C57437EFB}.Release|x64.Build.0 = Release|Any CPU
		{048373C2-B60A-4F61-B095-287C57437EFB}.Release|x86.ActiveCfg = Release|Any CPU
		{048373C2-B60A-4F61-B095-287C57437EFB}.Release|x86.Build.0 = Release|Any CPU
		{048373C2-B60A-4F61-B095-287C57437EFB}.RelWithDebInfo|Any CPU.ActiveCfg = Release|Any CPU
		{048373C2-B60A-4F61-B095-287C57437EFB}.RelWithDebInfo|Any CPU.Build.0 = Release|Any CPU
		{048373C2-B60A-4F61-B095-287C57437EFB}.RelWithDebInfo|ARM.ActiveCfg = Release|Any CPU
		{048373C2-B60A-4F61-B095-287C57437EFB}.RelWithDebInfo|ARM.Build.0 = Release|Any CPU
		{048373C2-B60A-4F61-B095-287C57437EFB}.RelWithDebInfo|iPhone.ActiveCfg = Release|Any CPU
		{048373C2-B60A-4F61-B095-287C57437EFB}.RelWithDebInfo|iPhone.Build.0 = Release|Any CPU
		{048373C2-B60A-4F61-B095-287C57437EFB}.RelWithDebInfo|iPhoneSimulator.ActiveCfg = Release|Any CPU
		{048373C2-B60A-4F61-B095-287C57437EFB}.RelWithDebInfo|iPhoneSimulator.Build.0 = Release|Any CPU
		{048373C2-B60A-4F61-B095-287C57437EFB}.RelWithDebInfo|x64.ActiveCfg = Release|Any CPU
		{048373C2-B60A-4F61-B095-287C57437EFB}.RelWithDebInfo|x64.Build.0 = Release|Any CPU
		{048373C2-B60A-4F61-B095-287C57437EFB}.RelWithDebInfo|x86.ActiveCfg = Release|Any CPU
		{048373C2-B60A-4F61-B095-287C57437EFB}.RelWithDebInfo|x86.Build.0 = Release|Any CPU
		{F0C1189B-75F7-4BD8-B394-A23D5B03EFF6}.Debug|Any CPU.ActiveCfg = Debug|Any CPU
		{F0C1189B-75F7-4BD8-B394-A23D5B03EFF6}.Debug|Any CPU.Build.0 = Debug|Any CPU
		{F0C1189B-75F7-4BD8-B394-A23D5B03EFF6}.Debug|ARM.ActiveCfg = Debug|Any CPU
		{F0C1189B-75F7-4BD8-B394-A23D5B03EFF6}.Debug|ARM.Build.0 = Debug|Any CPU
		{F0C1189B-75F7-4BD8-B394-A23D5B03EFF6}.Debug|iPhone.ActiveCfg = Debug|Any CPU
		{F0C1189B-75F7-4BD8-B394-A23D5B03EFF6}.Debug|iPhone.Build.0 = Debug|Any CPU
		{F0C1189B-75F7-4BD8-B394-A23D5B03EFF6}.Debug|iPhoneSimulator.ActiveCfg = Debug|Any CPU
		{F0C1189B-75F7-4BD8-B394-A23D5B03EFF6}.Debug|iPhoneSimulator.Build.0 = Debug|Any CPU
		{F0C1189B-75F7-4BD8-B394-A23D5B03EFF6}.Debug|x64.ActiveCfg = Debug|Any CPU
		{F0C1189B-75F7-4BD8-B394-A23D5B03EFF6}.Debug|x64.Build.0 = Debug|Any CPU
		{F0C1189B-75F7-4BD8-B394-A23D5B03EFF6}.Debug|x86.ActiveCfg = Debug|Any CPU
		{F0C1189B-75F7-4BD8-B394-A23D5B03EFF6}.Debug|x86.Build.0 = Debug|Any CPU
		{F0C1189B-75F7-4BD8-B394-A23D5B03EFF6}.Package|Any CPU.ActiveCfg = Release|Any CPU
		{F0C1189B-75F7-4BD8-B394-A23D5B03EFF6}.Package|ARM.ActiveCfg = Release|Any CPU
		{F0C1189B-75F7-4BD8-B394-A23D5B03EFF6}.Package|ARM.Build.0 = Release|Any CPU
		{F0C1189B-75F7-4BD8-B394-A23D5B03EFF6}.Package|iPhone.ActiveCfg = Release|Any CPU
		{F0C1189B-75F7-4BD8-B394-A23D5B03EFF6}.Package|iPhone.Build.0 = Release|Any CPU
		{F0C1189B-75F7-4BD8-B394-A23D5B03EFF6}.Package|iPhoneSimulator.ActiveCfg = Release|Any CPU
		{F0C1189B-75F7-4BD8-B394-A23D5B03EFF6}.Package|iPhoneSimulator.Build.0 = Release|Any CPU
		{F0C1189B-75F7-4BD8-B394-A23D5B03EFF6}.Package|x64.ActiveCfg = Release|Any CPU
		{F0C1189B-75F7-4BD8-B394-A23D5B03EFF6}.Package|x86.ActiveCfg = Release|Any CPU
		{F0C1189B-75F7-4BD8-B394-A23D5B03EFF6}.Release|Any CPU.ActiveCfg = Release|Any CPU
		{F0C1189B-75F7-4BD8-B394-A23D5B03EFF6}.Release|Any CPU.Build.0 = Release|Any CPU
		{F0C1189B-75F7-4BD8-B394-A23D5B03EFF6}.Release|ARM.ActiveCfg = Release|Any CPU
		{F0C1189B-75F7-4BD8-B394-A23D5B03EFF6}.Release|ARM.Build.0 = Release|Any CPU
		{F0C1189B-75F7-4BD8-B394-A23D5B03EFF6}.Release|iPhone.ActiveCfg = Release|Any CPU
		{F0C1189B-75F7-4BD8-B394-A23D5B03EFF6}.Release|iPhone.Build.0 = Release|Any CPU
		{F0C1189B-75F7-4BD8-B394-A23D5B03EFF6}.Release|iPhoneSimulator.ActiveCfg = Release|Any CPU
		{F0C1189B-75F7-4BD8-B394-A23D5B03EFF6}.Release|iPhoneSimulator.Build.0 = Release|Any CPU
		{F0C1189B-75F7-4BD8-B394-A23D5B03EFF6}.Release|x64.ActiveCfg = Release|Any CPU
		{F0C1189B-75F7-4BD8-B394-A23D5B03EFF6}.Release|x64.Build.0 = Release|Any CPU
		{F0C1189B-75F7-4BD8-B394-A23D5B03EFF6}.Release|x86.ActiveCfg = Release|Any CPU
		{F0C1189B-75F7-4BD8-B394-A23D5B03EFF6}.Release|x86.Build.0 = Release|Any CPU
		{F0C1189B-75F7-4BD8-B394-A23D5B03EFF6}.RelWithDebInfo|Any CPU.ActiveCfg = Release|Any CPU
		{F0C1189B-75F7-4BD8-B394-A23D5B03EFF6}.RelWithDebInfo|Any CPU.Build.0 = Release|Any CPU
		{F0C1189B-75F7-4BD8-B394-A23D5B03EFF6}.RelWithDebInfo|ARM.ActiveCfg = Release|Any CPU
		{F0C1189B-75F7-4BD8-B394-A23D5B03EFF6}.RelWithDebInfo|ARM.Build.0 = Release|Any CPU
		{F0C1189B-75F7-4BD8-B394-A23D5B03EFF6}.RelWithDebInfo|iPhone.ActiveCfg = Release|Any CPU
		{F0C1189B-75F7-4BD8-B394-A23D5B03EFF6}.RelWithDebInfo|iPhone.Build.0 = Release|Any CPU
		{F0C1189B-75F7-4BD8-B394-A23D5B03EFF6}.RelWithDebInfo|iPhoneSimulator.ActiveCfg = Release|Any CPU
		{F0C1189B-75F7-4BD8-B394-A23D5B03EFF6}.RelWithDebInfo|iPhoneSimulator.Build.0 = Release|Any CPU
		{F0C1189B-75F7-4BD8-B394-A23D5B03EFF6}.RelWithDebInfo|x64.ActiveCfg = Release|Any CPU
		{F0C1189B-75F7-4BD8-B394-A23D5B03EFF6}.RelWithDebInfo|x64.Build.0 = Release|Any CPU
		{F0C1189B-75F7-4BD8-B394-A23D5B03EFF6}.RelWithDebInfo|x86.ActiveCfg = Release|Any CPU
		{F0C1189B-75F7-4BD8-B394-A23D5B03EFF6}.RelWithDebInfo|x86.Build.0 = Release|Any CPU
		{D599C47F-B9E0-4A58-82E8-6286E0442E8F}.Debug|Any CPU.ActiveCfg = Debug|Any CPU
		{D599C47F-B9E0-4A58-82E8-6286E0442E8F}.Debug|Any CPU.Build.0 = Debug|Any CPU
		{D599C47F-B9E0-4A58-82E8-6286E0442E8F}.Debug|ARM.ActiveCfg = Debug|Any CPU
		{D599C47F-B9E0-4A58-82E8-6286E0442E8F}.Debug|ARM.Build.0 = Debug|Any CPU
		{D599C47F-B9E0-4A58-82E8-6286E0442E8F}.Debug|iPhone.ActiveCfg = Debug|Any CPU
		{D599C47F-B9E0-4A58-82E8-6286E0442E8F}.Debug|iPhone.Build.0 = Debug|Any CPU
		{D599C47F-B9E0-4A58-82E8-6286E0442E8F}.Debug|iPhoneSimulator.ActiveCfg = Debug|Any CPU
		{D599C47F-B9E0-4A58-82E8-6286E0442E8F}.Debug|iPhoneSimulator.Build.0 = Debug|Any CPU
		{D599C47F-B9E0-4A58-82E8-6286E0442E8F}.Debug|x64.ActiveCfg = Debug|Any CPU
		{D599C47F-B9E0-4A58-82E8-6286E0442E8F}.Debug|x64.Build.0 = Debug|Any CPU
		{D599C47F-B9E0-4A58-82E8-6286E0442E8F}.Debug|x86.ActiveCfg = Debug|Any CPU
		{D599C47F-B9E0-4A58-82E8-6286E0442E8F}.Debug|x86.Build.0 = Debug|Any CPU
		{D599C47F-B9E0-4A58-82E8-6286E0442E8F}.Package|Any CPU.ActiveCfg = Release|Any CPU
		{D599C47F-B9E0-4A58-82E8-6286E0442E8F}.Package|Any CPU.Build.0 = Release|Any CPU
		{D599C47F-B9E0-4A58-82E8-6286E0442E8F}.Package|ARM.ActiveCfg = Release|Any CPU
		{D599C47F-B9E0-4A58-82E8-6286E0442E8F}.Package|ARM.Build.0 = Release|Any CPU
		{D599C47F-B9E0-4A58-82E8-6286E0442E8F}.Package|iPhone.ActiveCfg = Release|Any CPU
		{D599C47F-B9E0-4A58-82E8-6286E0442E8F}.Package|iPhone.Build.0 = Release|Any CPU
		{D599C47F-B9E0-4A58-82E8-6286E0442E8F}.Package|iPhoneSimulator.ActiveCfg = Release|Any CPU
		{D599C47F-B9E0-4A58-82E8-6286E0442E8F}.Package|iPhoneSimulator.Build.0 = Release|Any CPU
		{D599C47F-B9E0-4A58-82E8-6286E0442E8F}.Package|x64.ActiveCfg = Release|Any CPU
		{D599C47F-B9E0-4A58-82E8-6286E0442E8F}.Package|x64.Build.0 = Release|Any CPU
		{D599C47F-B9E0-4A58-82E8-6286E0442E8F}.Package|x86.ActiveCfg = Release|Any CPU
		{D599C47F-B9E0-4A58-82E8-6286E0442E8F}.Package|x86.Build.0 = Release|Any CPU
		{D599C47F-B9E0-4A58-82E8-6286E0442E8F}.Release|Any CPU.ActiveCfg = Release|Any CPU
		{D599C47F-B9E0-4A58-82E8-6286E0442E8F}.Release|Any CPU.Build.0 = Release|Any CPU
		{D599C47F-B9E0-4A58-82E8-6286E0442E8F}.Release|ARM.ActiveCfg = Release|Any CPU
		{D599C47F-B9E0-4A58-82E8-6286E0442E8F}.Release|ARM.Build.0 = Release|Any CPU
		{D599C47F-B9E0-4A58-82E8-6286E0442E8F}.Release|iPhone.ActiveCfg = Release|Any CPU
		{D599C47F-B9E0-4A58-82E8-6286E0442E8F}.Release|iPhone.Build.0 = Release|Any CPU
		{D599C47F-B9E0-4A58-82E8-6286E0442E8F}.Release|iPhoneSimulator.ActiveCfg = Release|Any CPU
		{D599C47F-B9E0-4A58-82E8-6286E0442E8F}.Release|iPhoneSimulator.Build.0 = Release|Any CPU
		{D599C47F-B9E0-4A58-82E8-6286E0442E8F}.Release|x64.ActiveCfg = Release|Any CPU
		{D599C47F-B9E0-4A58-82E8-6286E0442E8F}.Release|x64.Build.0 = Release|Any CPU
		{D599C47F-B9E0-4A58-82E8-6286E0442E8F}.Release|x86.ActiveCfg = Release|Any CPU
		{D599C47F-B9E0-4A58-82E8-6286E0442E8F}.Release|x86.Build.0 = Release|Any CPU
		{D599C47F-B9E0-4A58-82E8-6286E0442E8F}.RelWithDebInfo|Any CPU.ActiveCfg = Release|Any CPU
		{D599C47F-B9E0-4A58-82E8-6286E0442E8F}.RelWithDebInfo|Any CPU.Build.0 = Release|Any CPU
		{D599C47F-B9E0-4A58-82E8-6286E0442E8F}.RelWithDebInfo|ARM.ActiveCfg = Release|Any CPU
		{D599C47F-B9E0-4A58-82E8-6286E0442E8F}.RelWithDebInfo|ARM.Build.0 = Release|Any CPU
		{D599C47F-B9E0-4A58-82E8-6286E0442E8F}.RelWithDebInfo|iPhone.ActiveCfg = Release|Any CPU
		{D599C47F-B9E0-4A58-82E8-6286E0442E8F}.RelWithDebInfo|iPhone.Build.0 = Release|Any CPU
		{D599C47F-B9E0-4A58-82E8-6286E0442E8F}.RelWithDebInfo|iPhoneSimulator.ActiveCfg = Release|Any CPU
		{D599C47F-B9E0-4A58-82E8-6286E0442E8F}.RelWithDebInfo|iPhoneSimulator.Build.0 = Release|Any CPU
		{D599C47F-B9E0-4A58-82E8-6286E0442E8F}.RelWithDebInfo|x64.ActiveCfg = Release|Any CPU
		{D599C47F-B9E0-4A58-82E8-6286E0442E8F}.RelWithDebInfo|x64.Build.0 = Release|Any CPU
		{D599C47F-B9E0-4A58-82E8-6286E0442E8F}.RelWithDebInfo|x86.ActiveCfg = Release|Any CPU
		{D599C47F-B9E0-4A58-82E8-6286E0442E8F}.RelWithDebInfo|x86.Build.0 = Release|Any CPU
		{8BAE491B-46F0-4A51-A456-D7A3B332BDC4}.Debug|Any CPU.ActiveCfg = Debug|Any CPU
		{8BAE491B-46F0-4A51-A456-D7A3B332BDC4}.Debug|Any CPU.Build.0 = Debug|Any CPU
		{8BAE491B-46F0-4A51-A456-D7A3B332BDC4}.Debug|ARM.ActiveCfg = Debug|Any CPU
		{8BAE491B-46F0-4A51-A456-D7A3B332BDC4}.Debug|ARM.Build.0 = Debug|Any CPU
		{8BAE491B-46F0-4A51-A456-D7A3B332BDC4}.Debug|iPhone.ActiveCfg = Debug|Any CPU
		{8BAE491B-46F0-4A51-A456-D7A3B332BDC4}.Debug|iPhone.Build.0 = Debug|Any CPU
		{8BAE491B-46F0-4A51-A456-D7A3B332BDC4}.Debug|iPhoneSimulator.ActiveCfg = Debug|Any CPU
		{8BAE491B-46F0-4A51-A456-D7A3B332BDC4}.Debug|iPhoneSimulator.Build.0 = Debug|Any CPU
		{8BAE491B-46F0-4A51-A456-D7A3B332BDC4}.Debug|x64.ActiveCfg = Debug|Any CPU
		{8BAE491B-46F0-4A51-A456-D7A3B332BDC4}.Debug|x64.Build.0 = Debug|Any CPU
		{8BAE491B-46F0-4A51-A456-D7A3B332BDC4}.Debug|x86.ActiveCfg = Debug|Any CPU
		{8BAE491B-46F0-4A51-A456-D7A3B332BDC4}.Debug|x86.Build.0 = Debug|Any CPU
		{8BAE491B-46F0-4A51-A456-D7A3B332BDC4}.Package|Any CPU.ActiveCfg = Release|Any CPU
		{8BAE491B-46F0-4A51-A456-D7A3B332BDC4}.Package|ARM.ActiveCfg = Release|Any CPU
		{8BAE491B-46F0-4A51-A456-D7A3B332BDC4}.Package|ARM.Build.0 = Release|Any CPU
		{8BAE491B-46F0-4A51-A456-D7A3B332BDC4}.Package|iPhone.ActiveCfg = Release|Any CPU
		{8BAE491B-46F0-4A51-A456-D7A3B332BDC4}.Package|iPhone.Build.0 = Release|Any CPU
		{8BAE491B-46F0-4A51-A456-D7A3B332BDC4}.Package|iPhoneSimulator.ActiveCfg = Release|Any CPU
		{8BAE491B-46F0-4A51-A456-D7A3B332BDC4}.Package|iPhoneSimulator.Build.0 = Release|Any CPU
		{8BAE491B-46F0-4A51-A456-D7A3B332BDC4}.Package|x64.ActiveCfg = Release|Any CPU
		{8BAE491B-46F0-4A51-A456-D7A3B332BDC4}.Package|x86.ActiveCfg = Release|Any CPU
		{8BAE491B-46F0-4A51-A456-D7A3B332BDC4}.Release|Any CPU.ActiveCfg = Release|Any CPU
		{8BAE491B-46F0-4A51-A456-D7A3B332BDC4}.Release|Any CPU.Build.0 = Release|Any CPU
		{8BAE491B-46F0-4A51-A456-D7A3B332BDC4}.Release|ARM.ActiveCfg = Release|Any CPU
		{8BAE491B-46F0-4A51-A456-D7A3B332BDC4}.Release|ARM.Build.0 = Release|Any CPU
		{8BAE491B-46F0-4A51-A456-D7A3B332BDC4}.Release|iPhone.ActiveCfg = Release|Any CPU
		{8BAE491B-46F0-4A51-A456-D7A3B332BDC4}.Release|iPhone.Build.0 = Release|Any CPU
		{8BAE491B-46F0-4A51-A456-D7A3B332BDC4}.Release|iPhoneSimulator.ActiveCfg = Release|Any CPU
		{8BAE491B-46F0-4A51-A456-D7A3B332BDC4}.Release|iPhoneSimulator.Build.0 = Release|Any CPU
		{8BAE491B-46F0-4A51-A456-D7A3B332BDC4}.Release|x64.ActiveCfg = Release|Any CPU
		{8BAE491B-46F0-4A51-A456-D7A3B332BDC4}.Release|x64.Build.0 = Release|Any CPU
		{8BAE491B-46F0-4A51-A456-D7A3B332BDC4}.Release|x86.ActiveCfg = Release|Any CPU
		{8BAE491B-46F0-4A51-A456-D7A3B332BDC4}.Release|x86.Build.0 = Release|Any CPU
		{8BAE491B-46F0-4A51-A456-D7A3B332BDC4}.RelWithDebInfo|Any CPU.ActiveCfg = Release|Any CPU
		{8BAE491B-46F0-4A51-A456-D7A3B332BDC4}.RelWithDebInfo|Any CPU.Build.0 = Release|Any CPU
		{8BAE491B-46F0-4A51-A456-D7A3B332BDC4}.RelWithDebInfo|ARM.ActiveCfg = Release|Any CPU
		{8BAE491B-46F0-4A51-A456-D7A3B332BDC4}.RelWithDebInfo|ARM.Build.0 = Release|Any CPU
		{8BAE491B-46F0-4A51-A456-D7A3B332BDC4}.RelWithDebInfo|iPhone.ActiveCfg = Release|Any CPU
		{8BAE491B-46F0-4A51-A456-D7A3B332BDC4}.RelWithDebInfo|iPhone.Build.0 = Release|Any CPU
		{8BAE491B-46F0-4A51-A456-D7A3B332BDC4}.RelWithDebInfo|iPhoneSimulator.ActiveCfg = Release|Any CPU
		{8BAE491B-46F0-4A51-A456-D7A3B332BDC4}.RelWithDebInfo|iPhoneSimulator.Build.0 = Release|Any CPU
		{8BAE491B-46F0-4A51-A456-D7A3B332BDC4}.RelWithDebInfo|x64.ActiveCfg = Release|Any CPU
		{8BAE491B-46F0-4A51-A456-D7A3B332BDC4}.RelWithDebInfo|x64.Build.0 = Release|Any CPU
		{8BAE491B-46F0-4A51-A456-D7A3B332BDC4}.RelWithDebInfo|x86.ActiveCfg = Release|Any CPU
		{8BAE491B-46F0-4A51-A456-D7A3B332BDC4}.RelWithDebInfo|x86.Build.0 = Release|Any CPU
		{8F3352BA-BF6A-49F8-81D6-58D54B3EA72B}.Debug|Any CPU.ActiveCfg = Debug|Any CPU
		{8F3352BA-BF6A-49F8-81D6-58D54B3EA72B}.Debug|Any CPU.Build.0 = Debug|Any CPU
		{8F3352BA-BF6A-49F8-81D6-58D54B3EA72B}.Debug|ARM.ActiveCfg = Debug|Any CPU
		{8F3352BA-BF6A-49F8-81D6-58D54B3EA72B}.Debug|ARM.Build.0 = Debug|Any CPU
		{8F3352BA-BF6A-49F8-81D6-58D54B3EA72B}.Debug|iPhone.ActiveCfg = Debug|Any CPU
		{8F3352BA-BF6A-49F8-81D6-58D54B3EA72B}.Debug|iPhone.Build.0 = Debug|Any CPU
		{8F3352BA-BF6A-49F8-81D6-58D54B3EA72B}.Debug|iPhoneSimulator.ActiveCfg = Debug|Any CPU
		{8F3352BA-BF6A-49F8-81D6-58D54B3EA72B}.Debug|iPhoneSimulator.Build.0 = Debug|Any CPU
		{8F3352BA-BF6A-49F8-81D6-58D54B3EA72B}.Debug|x64.ActiveCfg = Debug|Any CPU
		{8F3352BA-BF6A-49F8-81D6-58D54B3EA72B}.Debug|x64.Build.0 = Debug|Any CPU
		{8F3352BA-BF6A-49F8-81D6-58D54B3EA72B}.Debug|x86.ActiveCfg = Debug|Any CPU
		{8F3352BA-BF6A-49F8-81D6-58D54B3EA72B}.Debug|x86.Build.0 = Debug|Any CPU
		{8F3352BA-BF6A-49F8-81D6-58D54B3EA72B}.Package|Any CPU.ActiveCfg = Release|Any CPU
		{8F3352BA-BF6A-49F8-81D6-58D54B3EA72B}.Package|ARM.ActiveCfg = Release|Any CPU
		{8F3352BA-BF6A-49F8-81D6-58D54B3EA72B}.Package|ARM.Build.0 = Release|Any CPU
		{8F3352BA-BF6A-49F8-81D6-58D54B3EA72B}.Package|iPhone.ActiveCfg = Release|Any CPU
		{8F3352BA-BF6A-49F8-81D6-58D54B3EA72B}.Package|iPhone.Build.0 = Release|Any CPU
		{8F3352BA-BF6A-49F8-81D6-58D54B3EA72B}.Package|iPhoneSimulator.ActiveCfg = Release|Any CPU
		{8F3352BA-BF6A-49F8-81D6-58D54B3EA72B}.Package|iPhoneSimulator.Build.0 = Release|Any CPU
		{8F3352BA-BF6A-49F8-81D6-58D54B3EA72B}.Package|x64.ActiveCfg = Release|Any CPU
		{8F3352BA-BF6A-49F8-81D6-58D54B3EA72B}.Package|x86.ActiveCfg = Release|Any CPU
		{8F3352BA-BF6A-49F8-81D6-58D54B3EA72B}.Release|Any CPU.ActiveCfg = Release|Any CPU
		{8F3352BA-BF6A-49F8-81D6-58D54B3EA72B}.Release|Any CPU.Build.0 = Release|Any CPU
		{8F3352BA-BF6A-49F8-81D6-58D54B3EA72B}.Release|ARM.ActiveCfg = Release|Any CPU
		{8F3352BA-BF6A-49F8-81D6-58D54B3EA72B}.Release|ARM.Build.0 = Release|Any CPU
		{8F3352BA-BF6A-49F8-81D6-58D54B3EA72B}.Release|iPhone.ActiveCfg = Release|Any CPU
		{8F3352BA-BF6A-49F8-81D6-58D54B3EA72B}.Release|iPhone.Build.0 = Release|Any CPU
		{8F3352BA-BF6A-49F8-81D6-58D54B3EA72B}.Release|iPhoneSimulator.ActiveCfg = Release|Any CPU
		{8F3352BA-BF6A-49F8-81D6-58D54B3EA72B}.Release|iPhoneSimulator.Build.0 = Release|Any CPU
		{8F3352BA-BF6A-49F8-81D6-58D54B3EA72B}.Release|x64.ActiveCfg = Release|Any CPU
		{8F3352BA-BF6A-49F8-81D6-58D54B3EA72B}.Release|x64.Build.0 = Release|Any CPU
		{8F3352BA-BF6A-49F8-81D6-58D54B3EA72B}.Release|x86.ActiveCfg = Release|Any CPU
		{8F3352BA-BF6A-49F8-81D6-58D54B3EA72B}.Release|x86.Build.0 = Release|Any CPU
		{8F3352BA-BF6A-49F8-81D6-58D54B3EA72B}.RelWithDebInfo|Any CPU.ActiveCfg = Release|Any CPU
		{8F3352BA-BF6A-49F8-81D6-58D54B3EA72B}.RelWithDebInfo|Any CPU.Build.0 = Release|Any CPU
		{8F3352BA-BF6A-49F8-81D6-58D54B3EA72B}.RelWithDebInfo|ARM.ActiveCfg = Release|Any CPU
		{8F3352BA-BF6A-49F8-81D6-58D54B3EA72B}.RelWithDebInfo|ARM.Build.0 = Release|Any CPU
		{8F3352BA-BF6A-49F8-81D6-58D54B3EA72B}.RelWithDebInfo|iPhone.ActiveCfg = Release|Any CPU
		{8F3352BA-BF6A-49F8-81D6-58D54B3EA72B}.RelWithDebInfo|iPhone.Build.0 = Release|Any CPU
		{8F3352BA-BF6A-49F8-81D6-58D54B3EA72B}.RelWithDebInfo|iPhoneSimulator.ActiveCfg = Release|Any CPU
		{8F3352BA-BF6A-49F8-81D6-58D54B3EA72B}.RelWithDebInfo|iPhoneSimulator.Build.0 = Release|Any CPU
		{8F3352BA-BF6A-49F8-81D6-58D54B3EA72B}.RelWithDebInfo|x64.ActiveCfg = Release|Any CPU
		{8F3352BA-BF6A-49F8-81D6-58D54B3EA72B}.RelWithDebInfo|x64.Build.0 = Release|Any CPU
		{8F3352BA-BF6A-49F8-81D6-58D54B3EA72B}.RelWithDebInfo|x86.ActiveCfg = Release|Any CPU
		{8F3352BA-BF6A-49F8-81D6-58D54B3EA72B}.RelWithDebInfo|x86.Build.0 = Release|Any CPU
		{68A19C58-7EBA-4AF4-BE15-F5D7A13B6C97}.Debug|Any CPU.ActiveCfg = Debug|Any CPU
		{68A19C58-7EBA-4AF4-BE15-F5D7A13B6C97}.Debug|Any CPU.Build.0 = Debug|Any CPU
		{68A19C58-7EBA-4AF4-BE15-F5D7A13B6C97}.Debug|ARM.ActiveCfg = Debug|Any CPU
		{68A19C58-7EBA-4AF4-BE15-F5D7A13B6C97}.Debug|ARM.Build.0 = Debug|Any CPU
		{68A19C58-7EBA-4AF4-BE15-F5D7A13B6C97}.Debug|iPhone.ActiveCfg = Debug|Any CPU
		{68A19C58-7EBA-4AF4-BE15-F5D7A13B6C97}.Debug|iPhone.Build.0 = Debug|Any CPU
		{68A19C58-7EBA-4AF4-BE15-F5D7A13B6C97}.Debug|iPhoneSimulator.ActiveCfg = Debug|Any CPU
		{68A19C58-7EBA-4AF4-BE15-F5D7A13B6C97}.Debug|iPhoneSimulator.Build.0 = Debug|Any CPU
		{68A19C58-7EBA-4AF4-BE15-F5D7A13B6C97}.Debug|x64.ActiveCfg = Debug|Any CPU
		{68A19C58-7EBA-4AF4-BE15-F5D7A13B6C97}.Debug|x64.Build.0 = Debug|Any CPU
		{68A19C58-7EBA-4AF4-BE15-F5D7A13B6C97}.Debug|x86.ActiveCfg = Debug|Any CPU
		{68A19C58-7EBA-4AF4-BE15-F5D7A13B6C97}.Debug|x86.Build.0 = Debug|Any CPU
		{68A19C58-7EBA-4AF4-BE15-F5D7A13B6C97}.Package|Any CPU.ActiveCfg = Release|Any CPU
		{68A19C58-7EBA-4AF4-BE15-F5D7A13B6C97}.Package|ARM.ActiveCfg = Release|Any CPU
		{68A19C58-7EBA-4AF4-BE15-F5D7A13B6C97}.Package|ARM.Build.0 = Release|Any CPU
		{68A19C58-7EBA-4AF4-BE15-F5D7A13B6C97}.Package|iPhone.ActiveCfg = Release|Any CPU
		{68A19C58-7EBA-4AF4-BE15-F5D7A13B6C97}.Package|iPhone.Build.0 = Release|Any CPU
		{68A19C58-7EBA-4AF4-BE15-F5D7A13B6C97}.Package|iPhoneSimulator.ActiveCfg = Release|Any CPU
		{68A19C58-7EBA-4AF4-BE15-F5D7A13B6C97}.Package|iPhoneSimulator.Build.0 = Release|Any CPU
		{68A19C58-7EBA-4AF4-BE15-F5D7A13B6C97}.Package|x64.ActiveCfg = Release|Any CPU
		{68A19C58-7EBA-4AF4-BE15-F5D7A13B6C97}.Package|x86.ActiveCfg = Release|Any CPU
		{68A19C58-7EBA-4AF4-BE15-F5D7A13B6C97}.Release|Any CPU.ActiveCfg = Release|Any CPU
		{68A19C58-7EBA-4AF4-BE15-F5D7A13B6C97}.Release|Any CPU.Build.0 = Release|Any CPU
		{68A19C58-7EBA-4AF4-BE15-F5D7A13B6C97}.Release|ARM.ActiveCfg = Release|Any CPU
		{68A19C58-7EBA-4AF4-BE15-F5D7A13B6C97}.Release|ARM.Build.0 = Release|Any CPU
		{68A19C58-7EBA-4AF4-BE15-F5D7A13B6C97}.Release|iPhone.ActiveCfg = Release|Any CPU
		{68A19C58-7EBA-4AF4-BE15-F5D7A13B6C97}.Release|iPhone.Build.0 = Release|Any CPU
		{68A19C58-7EBA-4AF4-BE15-F5D7A13B6C97}.Release|iPhoneSimulator.ActiveCfg = Release|Any CPU
		{68A19C58-7EBA-4AF4-BE15-F5D7A13B6C97}.Release|iPhoneSimulator.Build.0 = Release|Any CPU
		{68A19C58-7EBA-4AF4-BE15-F5D7A13B6C97}.Release|x64.ActiveCfg = Release|Any CPU
		{68A19C58-7EBA-4AF4-BE15-F5D7A13B6C97}.Release|x64.Build.0 = Release|Any CPU
		{68A19C58-7EBA-4AF4-BE15-F5D7A13B6C97}.Release|x86.ActiveCfg = Release|Any CPU
		{68A19C58-7EBA-4AF4-BE15-F5D7A13B6C97}.Release|x86.Build.0 = Release|Any CPU
		{68A19C58-7EBA-4AF4-BE15-F5D7A13B6C97}.RelWithDebInfo|Any CPU.ActiveCfg = Release|Any CPU
		{68A19C58-7EBA-4AF4-BE15-F5D7A13B6C97}.RelWithDebInfo|Any CPU.Build.0 = Release|Any CPU
		{68A19C58-7EBA-4AF4-BE15-F5D7A13B6C97}.RelWithDebInfo|ARM.ActiveCfg = Release|Any CPU
		{68A19C58-7EBA-4AF4-BE15-F5D7A13B6C97}.RelWithDebInfo|ARM.Build.0 = Release|Any CPU
		{68A19C58-7EBA-4AF4-BE15-F5D7A13B6C97}.RelWithDebInfo|iPhone.ActiveCfg = Release|Any CPU
		{68A19C58-7EBA-4AF4-BE15-F5D7A13B6C97}.RelWithDebInfo|iPhone.Build.0 = Release|Any CPU
		{68A19C58-7EBA-4AF4-BE15-F5D7A13B6C97}.RelWithDebInfo|iPhoneSimulator.ActiveCfg = Release|Any CPU
		{68A19C58-7EBA-4AF4-BE15-F5D7A13B6C97}.RelWithDebInfo|iPhoneSimulator.Build.0 = Release|Any CPU
		{68A19C58-7EBA-4AF4-BE15-F5D7A13B6C97}.RelWithDebInfo|x64.ActiveCfg = Release|Any CPU
		{68A19C58-7EBA-4AF4-BE15-F5D7A13B6C97}.RelWithDebInfo|x64.Build.0 = Release|Any CPU
		{68A19C58-7EBA-4AF4-BE15-F5D7A13B6C97}.RelWithDebInfo|x86.ActiveCfg = Release|Any CPU
		{68A19C58-7EBA-4AF4-BE15-F5D7A13B6C97}.RelWithDebInfo|x86.Build.0 = Release|Any CPU
		{BB427E6D-F5F7-46B6-90D5-72E3F20707E0}.Debug|Any CPU.ActiveCfg = Debug|Win32
		{BB427E6D-F5F7-46B6-90D5-72E3F20707E0}.Debug|ARM.ActiveCfg = Debug|ARM
		{BB427E6D-F5F7-46B6-90D5-72E3F20707E0}.Debug|ARM.Build.0 = Debug|ARM
		{BB427E6D-F5F7-46B6-90D5-72E3F20707E0}.Debug|iPhone.ActiveCfg = Debug|Win32
		{BB427E6D-F5F7-46B6-90D5-72E3F20707E0}.Debug|iPhoneSimulator.ActiveCfg = Debug|Win32
		{BB427E6D-F5F7-46B6-90D5-72E3F20707E0}.Debug|x64.ActiveCfg = Debug|x64
		{BB427E6D-F5F7-46B6-90D5-72E3F20707E0}.Debug|x64.Build.0 = Debug|x64
		{BB427E6D-F5F7-46B6-90D5-72E3F20707E0}.Debug|x86.ActiveCfg = Debug|Win32
		{BB427E6D-F5F7-46B6-90D5-72E3F20707E0}.Debug|x86.Build.0 = Debug|Win32
		{BB427E6D-F5F7-46B6-90D5-72E3F20707E0}.Package|Any CPU.ActiveCfg = Release|x64
		{BB427E6D-F5F7-46B6-90D5-72E3F20707E0}.Package|ARM.ActiveCfg = Release|ARM
		{BB427E6D-F5F7-46B6-90D5-72E3F20707E0}.Package|ARM.Build.0 = Release|ARM
		{BB427E6D-F5F7-46B6-90D5-72E3F20707E0}.Package|iPhone.ActiveCfg = Release|x64
		{BB427E6D-F5F7-46B6-90D5-72E3F20707E0}.Package|iPhone.Build.0 = Release|x64
		{BB427E6D-F5F7-46B6-90D5-72E3F20707E0}.Package|iPhoneSimulator.ActiveCfg = Release|x64
		{BB427E6D-F5F7-46B6-90D5-72E3F20707E0}.Package|iPhoneSimulator.Build.0 = Release|x64
		{BB427E6D-F5F7-46B6-90D5-72E3F20707E0}.Package|x64.ActiveCfg = Release|x64
		{BB427E6D-F5F7-46B6-90D5-72E3F20707E0}.Package|x86.ActiveCfg = Debug|Win32
		{BB427E6D-F5F7-46B6-90D5-72E3F20707E0}.Package|x86.Build.0 = Debug|Win32
		{BB427E6D-F5F7-46B6-90D5-72E3F20707E0}.Release|Any CPU.ActiveCfg = Release|Win32
		{BB427E6D-F5F7-46B6-90D5-72E3F20707E0}.Release|Any CPU.Build.0 = Release|Win32
		{BB427E6D-F5F7-46B6-90D5-72E3F20707E0}.Release|ARM.ActiveCfg = Release|ARM
		{BB427E6D-F5F7-46B6-90D5-72E3F20707E0}.Release|iPhone.ActiveCfg = Release|Win32
		{BB427E6D-F5F7-46B6-90D5-72E3F20707E0}.Release|iPhoneSimulator.ActiveCfg = Release|Win32
		{BB427E6D-F5F7-46B6-90D5-72E3F20707E0}.Release|x64.ActiveCfg = Release|x64
		{BB427E6D-F5F7-46B6-90D5-72E3F20707E0}.Release|x64.Build.0 = Release|x64
		{BB427E6D-F5F7-46B6-90D5-72E3F20707E0}.Release|x86.ActiveCfg = Release|Win32
		{BB427E6D-F5F7-46B6-90D5-72E3F20707E0}.Release|x86.Build.0 = Release|Win32
		{BB427E6D-F5F7-46B6-90D5-72E3F20707E0}.RelWithDebInfo|Any CPU.ActiveCfg = Release|x64
		{BB427E6D-F5F7-46B6-90D5-72E3F20707E0}.RelWithDebInfo|Any CPU.Build.0 = Release|x64
		{BB427E6D-F5F7-46B6-90D5-72E3F20707E0}.RelWithDebInfo|ARM.ActiveCfg = Release|ARM
		{BB427E6D-F5F7-46B6-90D5-72E3F20707E0}.RelWithDebInfo|ARM.Build.0 = Release|ARM
		{BB427E6D-F5F7-46B6-90D5-72E3F20707E0}.RelWithDebInfo|iPhone.ActiveCfg = Release|x64
		{BB427E6D-F5F7-46B6-90D5-72E3F20707E0}.RelWithDebInfo|iPhone.Build.0 = Release|x64
		{BB427E6D-F5F7-46B6-90D5-72E3F20707E0}.RelWithDebInfo|iPhoneSimulator.ActiveCfg = Release|x64
		{BB427E6D-F5F7-46B6-90D5-72E3F20707E0}.RelWithDebInfo|iPhoneSimulator.Build.0 = Release|x64
		{BB427E6D-F5F7-46B6-90D5-72E3F20707E0}.RelWithDebInfo|x64.ActiveCfg = Release|x64
		{BB427E6D-F5F7-46B6-90D5-72E3F20707E0}.RelWithDebInfo|x64.Build.0 = Release|x64
		{BB427E6D-F5F7-46B6-90D5-72E3F20707E0}.RelWithDebInfo|x86.ActiveCfg = Release|Win32
		{BB427E6D-F5F7-46B6-90D5-72E3F20707E0}.RelWithDebInfo|x86.Build.0 = Release|Win32
		{6D2AD32A-1630-4AB2-82CA-4CA825AFEAB2}.Debug|Any CPU.ActiveCfg = Debug|Win32
		{6D2AD32A-1630-4AB2-82CA-4CA825AFEAB2}.Debug|ARM.ActiveCfg = Debug|Win32
		{6D2AD32A-1630-4AB2-82CA-4CA825AFEAB2}.Debug|iPhone.ActiveCfg = Debug|Win32
		{6D2AD32A-1630-4AB2-82CA-4CA825AFEAB2}.Debug|iPhoneSimulator.ActiveCfg = Debug|Win32
		{6D2AD32A-1630-4AB2-82CA-4CA825AFEAB2}.Debug|x64.ActiveCfg = Debug|x64
		{6D2AD32A-1630-4AB2-82CA-4CA825AFEAB2}.Debug|x64.Build.0 = Debug|x64
		{6D2AD32A-1630-4AB2-82CA-4CA825AFEAB2}.Debug|x86.ActiveCfg = Debug|Win32
		{6D2AD32A-1630-4AB2-82CA-4CA825AFEAB2}.Debug|x86.Build.0 = Debug|Win32
		{6D2AD32A-1630-4AB2-82CA-4CA825AFEAB2}.Package|Any CPU.ActiveCfg = Release|x64
		{6D2AD32A-1630-4AB2-82CA-4CA825AFEAB2}.Package|Any CPU.Build.0 = Release|x64
		{6D2AD32A-1630-4AB2-82CA-4CA825AFEAB2}.Package|ARM.ActiveCfg = Release|x64
		{6D2AD32A-1630-4AB2-82CA-4CA825AFEAB2}.Package|ARM.Build.0 = Release|x64
		{6D2AD32A-1630-4AB2-82CA-4CA825AFEAB2}.Package|iPhone.ActiveCfg = Release|x64
		{6D2AD32A-1630-4AB2-82CA-4CA825AFEAB2}.Package|iPhone.Build.0 = Release|x64
		{6D2AD32A-1630-4AB2-82CA-4CA825AFEAB2}.Package|iPhoneSimulator.ActiveCfg = Release|x64
		{6D2AD32A-1630-4AB2-82CA-4CA825AFEAB2}.Package|iPhoneSimulator.Build.0 = Release|x64
		{6D2AD32A-1630-4AB2-82CA-4CA825AFEAB2}.Package|x64.ActiveCfg = Release|x64
		{6D2AD32A-1630-4AB2-82CA-4CA825AFEAB2}.Package|x64.Build.0 = Release|x64
		{6D2AD32A-1630-4AB2-82CA-4CA825AFEAB2}.Package|x86.ActiveCfg = Release|Win32
		{6D2AD32A-1630-4AB2-82CA-4CA825AFEAB2}.Package|x86.Build.0 = Release|Win32
		{6D2AD32A-1630-4AB2-82CA-4CA825AFEAB2}.Release|Any CPU.ActiveCfg = Release|Win32
		{6D2AD32A-1630-4AB2-82CA-4CA825AFEAB2}.Release|ARM.ActiveCfg = Release|Win32
		{6D2AD32A-1630-4AB2-82CA-4CA825AFEAB2}.Release|iPhone.ActiveCfg = Release|Win32
		{6D2AD32A-1630-4AB2-82CA-4CA825AFEAB2}.Release|iPhoneSimulator.ActiveCfg = Release|Win32
		{6D2AD32A-1630-4AB2-82CA-4CA825AFEAB2}.Release|x64.ActiveCfg = Release|x64
		{6D2AD32A-1630-4AB2-82CA-4CA825AFEAB2}.Release|x64.Build.0 = Release|x64
		{6D2AD32A-1630-4AB2-82CA-4CA825AFEAB2}.Release|x86.ActiveCfg = Release|Win32
		{6D2AD32A-1630-4AB2-82CA-4CA825AFEAB2}.Release|x86.Build.0 = Release|Win32
		{6D2AD32A-1630-4AB2-82CA-4CA825AFEAB2}.RelWithDebInfo|Any CPU.ActiveCfg = Release|x64
		{6D2AD32A-1630-4AB2-82CA-4CA825AFEAB2}.RelWithDebInfo|Any CPU.Build.0 = Release|x64
		{6D2AD32A-1630-4AB2-82CA-4CA825AFEAB2}.RelWithDebInfo|ARM.ActiveCfg = Release|x64
		{6D2AD32A-1630-4AB2-82CA-4CA825AFEAB2}.RelWithDebInfo|ARM.Build.0 = Release|x64
		{6D2AD32A-1630-4AB2-82CA-4CA825AFEAB2}.RelWithDebInfo|iPhone.ActiveCfg = Release|x64
		{6D2AD32A-1630-4AB2-82CA-4CA825AFEAB2}.RelWithDebInfo|iPhone.Build.0 = Release|x64
		{6D2AD32A-1630-4AB2-82CA-4CA825AFEAB2}.RelWithDebInfo|iPhoneSimulator.ActiveCfg = Release|x64
		{6D2AD32A-1630-4AB2-82CA-4CA825AFEAB2}.RelWithDebInfo|iPhoneSimulator.Build.0 = Release|x64
		{6D2AD32A-1630-4AB2-82CA-4CA825AFEAB2}.RelWithDebInfo|x64.ActiveCfg = Release|x64
		{6D2AD32A-1630-4AB2-82CA-4CA825AFEAB2}.RelWithDebInfo|x64.Build.0 = Release|x64
		{6D2AD32A-1630-4AB2-82CA-4CA825AFEAB2}.RelWithDebInfo|x86.ActiveCfg = Release|Win32
		{6D2AD32A-1630-4AB2-82CA-4CA825AFEAB2}.RelWithDebInfo|x86.Build.0 = Release|Win32
		{8048936D-C4A6-4AE8-8D65-DA1FAB7B3EF8}.Debug|Any CPU.ActiveCfg = Debug|Win32
		{8048936D-C4A6-4AE8-8D65-DA1FAB7B3EF8}.Debug|ARM.ActiveCfg = Debug|Win32
		{8048936D-C4A6-4AE8-8D65-DA1FAB7B3EF8}.Debug|iPhone.ActiveCfg = Debug|Win32
		{8048936D-C4A6-4AE8-8D65-DA1FAB7B3EF8}.Debug|iPhoneSimulator.ActiveCfg = Debug|Win32
		{8048936D-C4A6-4AE8-8D65-DA1FAB7B3EF8}.Debug|x64.ActiveCfg = Debug|Win32
		{8048936D-C4A6-4AE8-8D65-DA1FAB7B3EF8}.Debug|x86.ActiveCfg = Debug|Win32
		{8048936D-C4A6-4AE8-8D65-DA1FAB7B3EF8}.Debug|x86.Build.0 = Debug|Win32
		{8048936D-C4A6-4AE8-8D65-DA1FAB7B3EF8}.Debug|x86.Deploy.0 = Debug|Win32
		{8048936D-C4A6-4AE8-8D65-DA1FAB7B3EF8}.Package|Any CPU.ActiveCfg = Release|Win32
		{8048936D-C4A6-4AE8-8D65-DA1FAB7B3EF8}.Package|Any CPU.Build.0 = Release|Win32
		{8048936D-C4A6-4AE8-8D65-DA1FAB7B3EF8}.Package|Any CPU.Deploy.0 = Release|Win32
		{8048936D-C4A6-4AE8-8D65-DA1FAB7B3EF8}.Package|ARM.ActiveCfg = Release|Win32
		{8048936D-C4A6-4AE8-8D65-DA1FAB7B3EF8}.Package|ARM.Build.0 = Release|Win32
		{8048936D-C4A6-4AE8-8D65-DA1FAB7B3EF8}.Package|ARM.Deploy.0 = Release|Win32
		{8048936D-C4A6-4AE8-8D65-DA1FAB7B3EF8}.Package|iPhone.ActiveCfg = Release|Win32
		{8048936D-C4A6-4AE8-8D65-DA1FAB7B3EF8}.Package|iPhone.Build.0 = Release|Win32
		{8048936D-C4A6-4AE8-8D65-DA1FAB7B3EF8}.Package|iPhone.Deploy.0 = Release|Win32
		{8048936D-C4A6-4AE8-8D65-DA1FAB7B3EF8}.Package|iPhoneSimulator.ActiveCfg = Release|Win32
		{8048936D-C4A6-4AE8-8D65-DA1FAB7B3EF8}.Package|iPhoneSimulator.Build.0 = Release|Win32
		{8048936D-C4A6-4AE8-8D65-DA1FAB7B3EF8}.Package|iPhoneSimulator.Deploy.0 = Release|Win32
		{8048936D-C4A6-4AE8-8D65-DA1FAB7B3EF8}.Package|x64.ActiveCfg = Release|Win32
		{8048936D-C4A6-4AE8-8D65-DA1FAB7B3EF8}.Package|x64.Deploy.0 = Release|Win32
		{8048936D-C4A6-4AE8-8D65-DA1FAB7B3EF8}.Package|x86.ActiveCfg = Release|Win32
		{8048936D-C4A6-4AE8-8D65-DA1FAB7B3EF8}.Package|x86.Build.0 = Release|Win32
		{8048936D-C4A6-4AE8-8D65-DA1FAB7B3EF8}.Package|x86.Deploy.0 = Release|Win32
		{8048936D-C4A6-4AE8-8D65-DA1FAB7B3EF8}.Release|Any CPU.ActiveCfg = Release|Win32
		{8048936D-C4A6-4AE8-8D65-DA1FAB7B3EF8}.Release|ARM.ActiveCfg = Release|Win32
		{8048936D-C4A6-4AE8-8D65-DA1FAB7B3EF8}.Release|iPhone.ActiveCfg = Release|Win32
		{8048936D-C4A6-4AE8-8D65-DA1FAB7B3EF8}.Release|iPhoneSimulator.ActiveCfg = Release|Win32
		{8048936D-C4A6-4AE8-8D65-DA1FAB7B3EF8}.Release|x64.ActiveCfg = Release|Win32
		{8048936D-C4A6-4AE8-8D65-DA1FAB7B3EF8}.Release|x86.ActiveCfg = Release|Win32
		{8048936D-C4A6-4AE8-8D65-DA1FAB7B3EF8}.Release|x86.Build.0 = Release|Win32
		{8048936D-C4A6-4AE8-8D65-DA1FAB7B3EF8}.Release|x86.Deploy.0 = Release|Win32
		{8048936D-C4A6-4AE8-8D65-DA1FAB7B3EF8}.RelWithDebInfo|Any CPU.ActiveCfg = Release|Win32
		{8048936D-C4A6-4AE8-8D65-DA1FAB7B3EF8}.RelWithDebInfo|Any CPU.Build.0 = Release|Win32
		{8048936D-C4A6-4AE8-8D65-DA1FAB7B3EF8}.RelWithDebInfo|Any CPU.Deploy.0 = Release|Win32
		{8048936D-C4A6-4AE8-8D65-DA1FAB7B3EF8}.RelWithDebInfo|ARM.ActiveCfg = Release|Win32
		{8048936D-C4A6-4AE8-8D65-DA1FAB7B3EF8}.RelWithDebInfo|ARM.Build.0 = Release|Win32
		{8048936D-C4A6-4AE8-8D65-DA1FAB7B3EF8}.RelWithDebInfo|ARM.Deploy.0 = Release|Win32
		{8048936D-C4A6-4AE8-8D65-DA1FAB7B3EF8}.RelWithDebInfo|iPhone.ActiveCfg = Release|Win32
		{8048936D-C4A6-4AE8-8D65-DA1FAB7B3EF8}.RelWithDebInfo|iPhone.Build.0 = Release|Win32
		{8048936D-C4A6-4AE8-8D65-DA1FAB7B3EF8}.RelWithDebInfo|iPhone.Deploy.0 = Release|Win32
		{8048936D-C4A6-4AE8-8D65-DA1FAB7B3EF8}.RelWithDebInfo|iPhoneSimulator.ActiveCfg = Release|Win32
		{8048936D-C4A6-4AE8-8D65-DA1FAB7B3EF8}.RelWithDebInfo|iPhoneSimulator.Build.0 = Release|Win32
		{8048936D-C4A6-4AE8-8D65-DA1FAB7B3EF8}.RelWithDebInfo|iPhoneSimulator.Deploy.0 = Release|Win32
		{8048936D-C4A6-4AE8-8D65-DA1FAB7B3EF8}.RelWithDebInfo|x64.ActiveCfg = Release|Win32
		{8048936D-C4A6-4AE8-8D65-DA1FAB7B3EF8}.RelWithDebInfo|x64.Build.0 = Release|Win32
		{8048936D-C4A6-4AE8-8D65-DA1FAB7B3EF8}.RelWithDebInfo|x64.Deploy.0 = Release|Win32
		{8048936D-C4A6-4AE8-8D65-DA1FAB7B3EF8}.RelWithDebInfo|x86.ActiveCfg = Release|Win32
		{8048936D-C4A6-4AE8-8D65-DA1FAB7B3EF8}.RelWithDebInfo|x86.Build.0 = Release|Win32
		{8048936D-C4A6-4AE8-8D65-DA1FAB7B3EF8}.RelWithDebInfo|x86.Deploy.0 = Release|Win32
		{BB6A00AC-BD77-4DD1-B055-14CCCA85AA37}.Debug|Any CPU.ActiveCfg = Debug|Win32
		{BB6A00AC-BD77-4DD1-B055-14CCCA85AA37}.Debug|ARM.ActiveCfg = Debug|Win32
		{BB6A00AC-BD77-4DD1-B055-14CCCA85AA37}.Debug|iPhone.ActiveCfg = Debug|Win32
		{BB6A00AC-BD77-4DD1-B055-14CCCA85AA37}.Debug|iPhoneSimulator.ActiveCfg = Debug|Win32
		{BB6A00AC-BD77-4DD1-B055-14CCCA85AA37}.Debug|x64.ActiveCfg = Debug|x64
		{BB6A00AC-BD77-4DD1-B055-14CCCA85AA37}.Debug|x64.Build.0 = Debug|x64
		{BB6A00AC-BD77-4DD1-B055-14CCCA85AA37}.Debug|x86.ActiveCfg = Debug|Win32
		{BB6A00AC-BD77-4DD1-B055-14CCCA85AA37}.Debug|x86.Build.0 = Debug|Win32
		{BB6A00AC-BD77-4DD1-B055-14CCCA85AA37}.Package|Any CPU.ActiveCfg = Release|x64
		{BB6A00AC-BD77-4DD1-B055-14CCCA85AA37}.Package|ARM.ActiveCfg = Release|x64
		{BB6A00AC-BD77-4DD1-B055-14CCCA85AA37}.Package|ARM.Build.0 = Release|x64
		{BB6A00AC-BD77-4DD1-B055-14CCCA85AA37}.Package|iPhone.ActiveCfg = Release|x64
		{BB6A00AC-BD77-4DD1-B055-14CCCA85AA37}.Package|iPhone.Build.0 = Release|x64
		{BB6A00AC-BD77-4DD1-B055-14CCCA85AA37}.Package|iPhoneSimulator.ActiveCfg = Release|x64
		{BB6A00AC-BD77-4DD1-B055-14CCCA85AA37}.Package|iPhoneSimulator.Build.0 = Release|x64
		{BB6A00AC-BD77-4DD1-B055-14CCCA85AA37}.Package|x64.ActiveCfg = Release|x64
		{BB6A00AC-BD77-4DD1-B055-14CCCA85AA37}.Package|x86.ActiveCfg = Release|Win32
		{BB6A00AC-BD77-4DD1-B055-14CCCA85AA37}.Release|Any CPU.ActiveCfg = Release|Win32
		{BB6A00AC-BD77-4DD1-B055-14CCCA85AA37}.Release|ARM.ActiveCfg = Release|Win32
		{BB6A00AC-BD77-4DD1-B055-14CCCA85AA37}.Release|iPhone.ActiveCfg = Release|Win32
		{BB6A00AC-BD77-4DD1-B055-14CCCA85AA37}.Release|iPhoneSimulator.ActiveCfg = Release|Win32
		{BB6A00AC-BD77-4DD1-B055-14CCCA85AA37}.Release|x64.ActiveCfg = Release|x64
		{BB6A00AC-BD77-4DD1-B055-14CCCA85AA37}.Release|x64.Build.0 = Release|x64
		{BB6A00AC-BD77-4DD1-B055-14CCCA85AA37}.Release|x86.ActiveCfg = Release|Win32
		{BB6A00AC-BD77-4DD1-B055-14CCCA85AA37}.Release|x86.Build.0 = Release|Win32
		{BB6A00AC-BD77-4DD1-B055-14CCCA85AA37}.RelWithDebInfo|Any CPU.ActiveCfg = Release|x64
		{BB6A00AC-BD77-4DD1-B055-14CCCA85AA37}.RelWithDebInfo|Any CPU.Build.0 = Release|x64
		{BB6A00AC-BD77-4DD1-B055-14CCCA85AA37}.RelWithDebInfo|ARM.ActiveCfg = Release|x64
		{BB6A00AC-BD77-4DD1-B055-14CCCA85AA37}.RelWithDebInfo|ARM.Build.0 = Release|x64
		{BB6A00AC-BD77-4DD1-B055-14CCCA85AA37}.RelWithDebInfo|iPhone.ActiveCfg = Release|x64
		{BB6A00AC-BD77-4DD1-B055-14CCCA85AA37}.RelWithDebInfo|iPhone.Build.0 = Release|x64
		{BB6A00AC-BD77-4DD1-B055-14CCCA85AA37}.RelWithDebInfo|iPhoneSimulator.ActiveCfg = Release|x64
		{BB6A00AC-BD77-4DD1-B055-14CCCA85AA37}.RelWithDebInfo|iPhoneSimulator.Build.0 = Release|x64
		{BB6A00AC-BD77-4DD1-B055-14CCCA85AA37}.RelWithDebInfo|x64.ActiveCfg = Release|x64
		{BB6A00AC-BD77-4DD1-B055-14CCCA85AA37}.RelWithDebInfo|x64.Build.0 = Release|x64
		{BB6A00AC-BD77-4DD1-B055-14CCCA85AA37}.RelWithDebInfo|x86.ActiveCfg = Release|Win32
		{BB6A00AC-BD77-4DD1-B055-14CCCA85AA37}.RelWithDebInfo|x86.Build.0 = Release|Win32
		{F1436B52-B3D8-4775-9AC1-101EF09C9648}.Debug|Any CPU.ActiveCfg = Debug|Any CPU
		{F1436B52-B3D8-4775-9AC1-101EF09C9648}.Debug|Any CPU.Build.0 = Debug|Any CPU
		{F1436B52-B3D8-4775-9AC1-101EF09C9648}.Debug|ARM.ActiveCfg = Debug|Any CPU
		{F1436B52-B3D8-4775-9AC1-101EF09C9648}.Debug|ARM.Build.0 = Debug|Any CPU
		{F1436B52-B3D8-4775-9AC1-101EF09C9648}.Debug|iPhone.ActiveCfg = Debug|Any CPU
		{F1436B52-B3D8-4775-9AC1-101EF09C9648}.Debug|iPhone.Build.0 = Debug|Any CPU
		{F1436B52-B3D8-4775-9AC1-101EF09C9648}.Debug|iPhoneSimulator.ActiveCfg = Debug|Any CPU
		{F1436B52-B3D8-4775-9AC1-101EF09C9648}.Debug|iPhoneSimulator.Build.0 = Debug|Any CPU
		{F1436B52-B3D8-4775-9AC1-101EF09C9648}.Debug|x64.ActiveCfg = Debug|Any CPU
		{F1436B52-B3D8-4775-9AC1-101EF09C9648}.Debug|x64.Build.0 = Debug|Any CPU
		{F1436B52-B3D8-4775-9AC1-101EF09C9648}.Debug|x86.ActiveCfg = Debug|Any CPU
		{F1436B52-B3D8-4775-9AC1-101EF09C9648}.Debug|x86.Build.0 = Debug|Any CPU
		{F1436B52-B3D8-4775-9AC1-101EF09C9648}.Package|Any CPU.ActiveCfg = Release|Any CPU
		{F1436B52-B3D8-4775-9AC1-101EF09C9648}.Package|Any CPU.Build.0 = Release|Any CPU
		{F1436B52-B3D8-4775-9AC1-101EF09C9648}.Package|ARM.ActiveCfg = Release|Any CPU
		{F1436B52-B3D8-4775-9AC1-101EF09C9648}.Package|ARM.Build.0 = Release|Any CPU
		{F1436B52-B3D8-4775-9AC1-101EF09C9648}.Package|iPhone.ActiveCfg = Release|Any CPU
		{F1436B52-B3D8-4775-9AC1-101EF09C9648}.Package|iPhone.Build.0 = Release|Any CPU
		{F1436B52-B3D8-4775-9AC1-101EF09C9648}.Package|iPhoneSimulator.ActiveCfg = Release|Any CPU
		{F1436B52-B3D8-4775-9AC1-101EF09C9648}.Package|iPhoneSimulator.Build.0 = Release|Any CPU
		{F1436B52-B3D8-4775-9AC1-101EF09C9648}.Package|x64.ActiveCfg = Release|Any CPU
		{F1436B52-B3D8-4775-9AC1-101EF09C9648}.Package|x64.Build.0 = Release|Any CPU
		{F1436B52-B3D8-4775-9AC1-101EF09C9648}.Package|x86.ActiveCfg = Release|Any CPU
		{F1436B52-B3D8-4775-9AC1-101EF09C9648}.Package|x86.Build.0 = Release|Any CPU
		{F1436B52-B3D8-4775-9AC1-101EF09C9648}.Release|Any CPU.ActiveCfg = Release|Any CPU
		{F1436B52-B3D8-4775-9AC1-101EF09C9648}.Release|Any CPU.Build.0 = Release|Any CPU
		{F1436B52-B3D8-4775-9AC1-101EF09C9648}.Release|ARM.ActiveCfg = Release|Any CPU
		{F1436B52-B3D8-4775-9AC1-101EF09C9648}.Release|ARM.Build.0 = Release|Any CPU
		{F1436B52-B3D8-4775-9AC1-101EF09C9648}.Release|iPhone.ActiveCfg = Release|Any CPU
		{F1436B52-B3D8-4775-9AC1-101EF09C9648}.Release|iPhone.Build.0 = Release|Any CPU
		{F1436B52-B3D8-4775-9AC1-101EF09C9648}.Release|iPhoneSimulator.ActiveCfg = Release|Any CPU
		{F1436B52-B3D8-4775-9AC1-101EF09C9648}.Release|iPhoneSimulator.Build.0 = Release|Any CPU
		{F1436B52-B3D8-4775-9AC1-101EF09C9648}.Release|x64.ActiveCfg = Release|Any CPU
		{F1436B52-B3D8-4775-9AC1-101EF09C9648}.Release|x64.Build.0 = Release|Any CPU
		{F1436B52-B3D8-4775-9AC1-101EF09C9648}.Release|x86.ActiveCfg = Release|Any CPU
		{F1436B52-B3D8-4775-9AC1-101EF09C9648}.Release|x86.Build.0 = Release|Any CPU
		{F1436B52-B3D8-4775-9AC1-101EF09C9648}.RelWithDebInfo|Any CPU.ActiveCfg = Release|Any CPU
		{F1436B52-B3D8-4775-9AC1-101EF09C9648}.RelWithDebInfo|Any CPU.Build.0 = Release|Any CPU
		{F1436B52-B3D8-4775-9AC1-101EF09C9648}.RelWithDebInfo|ARM.ActiveCfg = Release|Any CPU
		{F1436B52-B3D8-4775-9AC1-101EF09C9648}.RelWithDebInfo|ARM.Build.0 = Release|Any CPU
		{F1436B52-B3D8-4775-9AC1-101EF09C9648}.RelWithDebInfo|iPhone.ActiveCfg = Release|Any CPU
		{F1436B52-B3D8-4775-9AC1-101EF09C9648}.RelWithDebInfo|iPhone.Build.0 = Release|Any CPU
		{F1436B52-B3D8-4775-9AC1-101EF09C9648}.RelWithDebInfo|iPhoneSimulator.ActiveCfg = Release|Any CPU
		{F1436B52-B3D8-4775-9AC1-101EF09C9648}.RelWithDebInfo|iPhoneSimulator.Build.0 = Release|Any CPU
		{F1436B52-B3D8-4775-9AC1-101EF09C9648}.RelWithDebInfo|x64.ActiveCfg = Release|Any CPU
		{F1436B52-B3D8-4775-9AC1-101EF09C9648}.RelWithDebInfo|x64.Build.0 = Release|Any CPU
		{F1436B52-B3D8-4775-9AC1-101EF09C9648}.RelWithDebInfo|x86.ActiveCfg = Release|Any CPU
		{F1436B52-B3D8-4775-9AC1-101EF09C9648}.RelWithDebInfo|x86.Build.0 = Release|Any CPU
		{E2374429-A0AF-4DC4-9E60-4A4AB172A836}.Debug|Any CPU.ActiveCfg = Debug|Any CPU
		{E2374429-A0AF-4DC4-9E60-4A4AB172A836}.Debug|Any CPU.Build.0 = Debug|Any CPU
		{E2374429-A0AF-4DC4-9E60-4A4AB172A836}.Debug|ARM.ActiveCfg = Debug|ARM
		{E2374429-A0AF-4DC4-9E60-4A4AB172A836}.Debug|ARM.Build.0 = Debug|ARM
		{E2374429-A0AF-4DC4-9E60-4A4AB172A836}.Debug|iPhone.ActiveCfg = Debug|Any CPU
		{E2374429-A0AF-4DC4-9E60-4A4AB172A836}.Debug|iPhone.Build.0 = Debug|Any CPU
		{E2374429-A0AF-4DC4-9E60-4A4AB172A836}.Debug|iPhoneSimulator.ActiveCfg = Debug|Any CPU
		{E2374429-A0AF-4DC4-9E60-4A4AB172A836}.Debug|iPhoneSimulator.Build.0 = Debug|Any CPU
		{E2374429-A0AF-4DC4-9E60-4A4AB172A836}.Debug|x64.ActiveCfg = Debug|x64
		{E2374429-A0AF-4DC4-9E60-4A4AB172A836}.Debug|x64.Build.0 = Debug|x64
		{E2374429-A0AF-4DC4-9E60-4A4AB172A836}.Debug|x86.ActiveCfg = Debug|x86
		{E2374429-A0AF-4DC4-9E60-4A4AB172A836}.Debug|x86.Build.0 = Debug|x86
		{E2374429-A0AF-4DC4-9E60-4A4AB172A836}.Package|Any CPU.ActiveCfg = Release|Any CPU
		{E2374429-A0AF-4DC4-9E60-4A4AB172A836}.Package|Any CPU.Build.0 = Release|Any CPU
		{E2374429-A0AF-4DC4-9E60-4A4AB172A836}.Package|ARM.ActiveCfg = Release|ARM
		{E2374429-A0AF-4DC4-9E60-4A4AB172A836}.Package|ARM.Build.0 = Release|ARM
		{E2374429-A0AF-4DC4-9E60-4A4AB172A836}.Package|iPhone.ActiveCfg = Release|Any CPU
		{E2374429-A0AF-4DC4-9E60-4A4AB172A836}.Package|iPhone.Build.0 = Release|Any CPU
		{E2374429-A0AF-4DC4-9E60-4A4AB172A836}.Package|iPhoneSimulator.ActiveCfg = Release|Any CPU
		{E2374429-A0AF-4DC4-9E60-4A4AB172A836}.Package|iPhoneSimulator.Build.0 = Release|Any CPU
		{E2374429-A0AF-4DC4-9E60-4A4AB172A836}.Package|x64.ActiveCfg = Release|x64
		{E2374429-A0AF-4DC4-9E60-4A4AB172A836}.Package|x86.ActiveCfg = Release|Any CPU
		{E2374429-A0AF-4DC4-9E60-4A4AB172A836}.Package|x86.Build.0 = Release|Any CPU
		{E2374429-A0AF-4DC4-9E60-4A4AB172A836}.Release|Any CPU.ActiveCfg = Release|Any CPU
		{E2374429-A0AF-4DC4-9E60-4A4AB172A836}.Release|Any CPU.Build.0 = Release|Any CPU
		{E2374429-A0AF-4DC4-9E60-4A4AB172A836}.Release|ARM.ActiveCfg = Release|ARM
		{E2374429-A0AF-4DC4-9E60-4A4AB172A836}.Release|ARM.Build.0 = Release|ARM
		{E2374429-A0AF-4DC4-9E60-4A4AB172A836}.Release|iPhone.ActiveCfg = Release|Any CPU
		{E2374429-A0AF-4DC4-9E60-4A4AB172A836}.Release|iPhone.Build.0 = Release|Any CPU
		{E2374429-A0AF-4DC4-9E60-4A4AB172A836}.Release|iPhoneSimulator.ActiveCfg = Release|Any CPU
		{E2374429-A0AF-4DC4-9E60-4A4AB172A836}.Release|iPhoneSimulator.Build.0 = Release|Any CPU
		{E2374429-A0AF-4DC4-9E60-4A4AB172A836}.Release|x64.ActiveCfg = Release|x64
		{E2374429-A0AF-4DC4-9E60-4A4AB172A836}.Release|x64.Build.0 = Release|x64
		{E2374429-A0AF-4DC4-9E60-4A4AB172A836}.Release|x86.ActiveCfg = Release|x86
		{E2374429-A0AF-4DC4-9E60-4A4AB172A836}.Release|x86.Build.0 = Release|x86
		{E2374429-A0AF-4DC4-9E60-4A4AB172A836}.RelWithDebInfo|Any CPU.ActiveCfg = Release|Any CPU
		{E2374429-A0AF-4DC4-9E60-4A4AB172A836}.RelWithDebInfo|Any CPU.Build.0 = Release|Any CPU
		{E2374429-A0AF-4DC4-9E60-4A4AB172A836}.RelWithDebInfo|ARM.ActiveCfg = Release|ARM
		{E2374429-A0AF-4DC4-9E60-4A4AB172A836}.RelWithDebInfo|ARM.Build.0 = Release|ARM
		{E2374429-A0AF-4DC4-9E60-4A4AB172A836}.RelWithDebInfo|iPhone.ActiveCfg = Release|Any CPU
		{E2374429-A0AF-4DC4-9E60-4A4AB172A836}.RelWithDebInfo|iPhone.Build.0 = Release|Any CPU
		{E2374429-A0AF-4DC4-9E60-4A4AB172A836}.RelWithDebInfo|iPhoneSimulator.ActiveCfg = Release|Any CPU
		{E2374429-A0AF-4DC4-9E60-4A4AB172A836}.RelWithDebInfo|iPhoneSimulator.Build.0 = Release|Any CPU
		{E2374429-A0AF-4DC4-9E60-4A4AB172A836}.RelWithDebInfo|x64.ActiveCfg = Release|x64
		{E2374429-A0AF-4DC4-9E60-4A4AB172A836}.RelWithDebInfo|x64.Build.0 = Release|x64
		{E2374429-A0AF-4DC4-9E60-4A4AB172A836}.RelWithDebInfo|x86.ActiveCfg = Release|x86
		{E2374429-A0AF-4DC4-9E60-4A4AB172A836}.RelWithDebInfo|x86.Build.0 = Release|x86
		{4F14BAF5-B5CD-4D99-994A-1A38FF18D94E}.Debug|Any CPU.ActiveCfg = Debug|Any CPU
		{4F14BAF5-B5CD-4D99-994A-1A38FF18D94E}.Debug|Any CPU.Build.0 = Debug|Any CPU
		{4F14BAF5-B5CD-4D99-994A-1A38FF18D94E}.Debug|ARM.ActiveCfg = Debug|ARM
		{4F14BAF5-B5CD-4D99-994A-1A38FF18D94E}.Debug|ARM.Build.0 = Debug|ARM
		{4F14BAF5-B5CD-4D99-994A-1A38FF18D94E}.Debug|iPhone.ActiveCfg = Debug|Any CPU
		{4F14BAF5-B5CD-4D99-994A-1A38FF18D94E}.Debug|iPhone.Build.0 = Debug|Any CPU
		{4F14BAF5-B5CD-4D99-994A-1A38FF18D94E}.Debug|iPhoneSimulator.ActiveCfg = Debug|Any CPU
		{4F14BAF5-B5CD-4D99-994A-1A38FF18D94E}.Debug|iPhoneSimulator.Build.0 = Debug|Any CPU
		{4F14BAF5-B5CD-4D99-994A-1A38FF18D94E}.Debug|x64.ActiveCfg = Debug|x64
		{4F14BAF5-B5CD-4D99-994A-1A38FF18D94E}.Debug|x64.Build.0 = Debug|x64
		{4F14BAF5-B5CD-4D99-994A-1A38FF18D94E}.Debug|x86.ActiveCfg = Debug|x86
		{4F14BAF5-B5CD-4D99-994A-1A38FF18D94E}.Debug|x86.Build.0 = Debug|x86
		{4F14BAF5-B5CD-4D99-994A-1A38FF18D94E}.Package|Any CPU.ActiveCfg = Release|Any CPU
		{4F14BAF5-B5CD-4D99-994A-1A38FF18D94E}.Package|ARM.ActiveCfg = Release|ARM
		{4F14BAF5-B5CD-4D99-994A-1A38FF18D94E}.Package|ARM.Build.0 = Release|ARM
		{4F14BAF5-B5CD-4D99-994A-1A38FF18D94E}.Package|iPhone.ActiveCfg = Release|Any CPU
		{4F14BAF5-B5CD-4D99-994A-1A38FF18D94E}.Package|iPhone.Build.0 = Release|Any CPU
		{4F14BAF5-B5CD-4D99-994A-1A38FF18D94E}.Package|iPhoneSimulator.ActiveCfg = Release|Any CPU
		{4F14BAF5-B5CD-4D99-994A-1A38FF18D94E}.Package|iPhoneSimulator.Build.0 = Release|Any CPU
		{4F14BAF5-B5CD-4D99-994A-1A38FF18D94E}.Package|x64.ActiveCfg = Release|Any CPU
		{4F14BAF5-B5CD-4D99-994A-1A38FF18D94E}.Package|x86.ActiveCfg = Release|Any CPU
		{4F14BAF5-B5CD-4D99-994A-1A38FF18D94E}.Package|x86.Build.0 = Release|Any CPU
		{4F14BAF5-B5CD-4D99-994A-1A38FF18D94E}.Release|Any CPU.ActiveCfg = Release|Any CPU
		{4F14BAF5-B5CD-4D99-994A-1A38FF18D94E}.Release|Any CPU.Build.0 = Release|Any CPU
		{4F14BAF5-B5CD-4D99-994A-1A38FF18D94E}.Release|ARM.ActiveCfg = Release|ARM
		{4F14BAF5-B5CD-4D99-994A-1A38FF18D94E}.Release|ARM.Build.0 = Release|ARM
		{4F14BAF5-B5CD-4D99-994A-1A38FF18D94E}.Release|iPhone.ActiveCfg = Release|Any CPU
		{4F14BAF5-B5CD-4D99-994A-1A38FF18D94E}.Release|iPhone.Build.0 = Release|Any CPU
		{4F14BAF5-B5CD-4D99-994A-1A38FF18D94E}.Release|iPhoneSimulator.ActiveCfg = Release|Any CPU
		{4F14BAF5-B5CD-4D99-994A-1A38FF18D94E}.Release|iPhoneSimulator.Build.0 = Release|Any CPU
		{4F14BAF5-B5CD-4D99-994A-1A38FF18D94E}.Release|x64.ActiveCfg = Release|x64
		{4F14BAF5-B5CD-4D99-994A-1A38FF18D94E}.Release|x64.Build.0 = Release|x64
		{4F14BAF5-B5CD-4D99-994A-1A38FF18D94E}.Release|x86.ActiveCfg = Release|x86
		{4F14BAF5-B5CD-4D99-994A-1A38FF18D94E}.Release|x86.Build.0 = Release|x86
		{4F14BAF5-B5CD-4D99-994A-1A38FF18D94E}.RelWithDebInfo|Any CPU.ActiveCfg = Release|Any CPU
		{4F14BAF5-B5CD-4D99-994A-1A38FF18D94E}.RelWithDebInfo|Any CPU.Build.0 = Release|Any CPU
		{4F14BAF5-B5CD-4D99-994A-1A38FF18D94E}.RelWithDebInfo|ARM.ActiveCfg = Release|ARM
		{4F14BAF5-B5CD-4D99-994A-1A38FF18D94E}.RelWithDebInfo|ARM.Build.0 = Release|ARM
		{4F14BAF5-B5CD-4D99-994A-1A38FF18D94E}.RelWithDebInfo|iPhone.ActiveCfg = Release|Any CPU
		{4F14BAF5-B5CD-4D99-994A-1A38FF18D94E}.RelWithDebInfo|iPhone.Build.0 = Release|Any CPU
		{4F14BAF5-B5CD-4D99-994A-1A38FF18D94E}.RelWithDebInfo|iPhoneSimulator.ActiveCfg = Release|Any CPU
		{4F14BAF5-B5CD-4D99-994A-1A38FF18D94E}.RelWithDebInfo|iPhoneSimulator.Build.0 = Release|Any CPU
		{4F14BAF5-B5CD-4D99-994A-1A38FF18D94E}.RelWithDebInfo|x64.ActiveCfg = Release|x64
		{4F14BAF5-B5CD-4D99-994A-1A38FF18D94E}.RelWithDebInfo|x64.Build.0 = Release|x64
		{4F14BAF5-B5CD-4D99-994A-1A38FF18D94E}.RelWithDebInfo|x86.ActiveCfg = Release|x86
		{4F14BAF5-B5CD-4D99-994A-1A38FF18D94E}.RelWithDebInfo|x86.Build.0 = Release|x86
		{4101A32A-1CEC-4EB5-AACA-93AA370C1E49}.Debug|Any CPU.ActiveCfg = Debug|Any CPU
		{4101A32A-1CEC-4EB5-AACA-93AA370C1E49}.Debug|Any CPU.Build.0 = Debug|Any CPU
		{4101A32A-1CEC-4EB5-AACA-93AA370C1E49}.Debug|ARM.ActiveCfg = Debug|Any CPU
		{4101A32A-1CEC-4EB5-AACA-93AA370C1E49}.Debug|ARM.Build.0 = Debug|Any CPU
		{4101A32A-1CEC-4EB5-AACA-93AA370C1E49}.Debug|iPhone.ActiveCfg = Debug|Any CPU
		{4101A32A-1CEC-4EB5-AACA-93AA370C1E49}.Debug|iPhone.Build.0 = Debug|Any CPU
		{4101A32A-1CEC-4EB5-AACA-93AA370C1E49}.Debug|iPhoneSimulator.ActiveCfg = Debug|Any CPU
		{4101A32A-1CEC-4EB5-AACA-93AA370C1E49}.Debug|iPhoneSimulator.Build.0 = Debug|Any CPU
		{4101A32A-1CEC-4EB5-AACA-93AA370C1E49}.Debug|x64.ActiveCfg = Debug|Any CPU
		{4101A32A-1CEC-4EB5-AACA-93AA370C1E49}.Debug|x64.Build.0 = Debug|Any CPU
		{4101A32A-1CEC-4EB5-AACA-93AA370C1E49}.Debug|x86.ActiveCfg = Debug|Any CPU
		{4101A32A-1CEC-4EB5-AACA-93AA370C1E49}.Debug|x86.Build.0 = Debug|Any CPU
		{4101A32A-1CEC-4EB5-AACA-93AA370C1E49}.Package|Any CPU.ActiveCfg = Debug|Any CPU
		{4101A32A-1CEC-4EB5-AACA-93AA370C1E49}.Package|Any CPU.Build.0 = Debug|Any CPU
		{4101A32A-1CEC-4EB5-AACA-93AA370C1E49}.Package|ARM.ActiveCfg = Debug|Any CPU
		{4101A32A-1CEC-4EB5-AACA-93AA370C1E49}.Package|ARM.Build.0 = Debug|Any CPU
		{4101A32A-1CEC-4EB5-AACA-93AA370C1E49}.Package|iPhone.ActiveCfg = Debug|Any CPU
		{4101A32A-1CEC-4EB5-AACA-93AA370C1E49}.Package|iPhone.Build.0 = Debug|Any CPU
		{4101A32A-1CEC-4EB5-AACA-93AA370C1E49}.Package|iPhoneSimulator.ActiveCfg = Debug|Any CPU
		{4101A32A-1CEC-4EB5-AACA-93AA370C1E49}.Package|iPhoneSimulator.Build.0 = Debug|Any CPU
		{4101A32A-1CEC-4EB5-AACA-93AA370C1E49}.Package|x64.ActiveCfg = Debug|Any CPU
		{4101A32A-1CEC-4EB5-AACA-93AA370C1E49}.Package|x86.ActiveCfg = Debug|Any CPU
		{4101A32A-1CEC-4EB5-AACA-93AA370C1E49}.Release|Any CPU.ActiveCfg = Release|Any CPU
		{4101A32A-1CEC-4EB5-AACA-93AA370C1E49}.Release|Any CPU.Build.0 = Release|Any CPU
		{4101A32A-1CEC-4EB5-AACA-93AA370C1E49}.Release|ARM.ActiveCfg = Release|Any CPU
		{4101A32A-1CEC-4EB5-AACA-93AA370C1E49}.Release|ARM.Build.0 = Release|Any CPU
		{4101A32A-1CEC-4EB5-AACA-93AA370C1E49}.Release|iPhone.ActiveCfg = Release|Any CPU
		{4101A32A-1CEC-4EB5-AACA-93AA370C1E49}.Release|iPhone.Build.0 = Release|Any CPU
		{4101A32A-1CEC-4EB5-AACA-93AA370C1E49}.Release|iPhoneSimulator.ActiveCfg = Release|Any CPU
		{4101A32A-1CEC-4EB5-AACA-93AA370C1E49}.Release|iPhoneSimulator.Build.0 = Release|Any CPU
		{4101A32A-1CEC-4EB5-AACA-93AA370C1E49}.Release|x64.ActiveCfg = Release|Any CPU
		{4101A32A-1CEC-4EB5-AACA-93AA370C1E49}.Release|x64.Build.0 = Release|Any CPU
		{4101A32A-1CEC-4EB5-AACA-93AA370C1E49}.Release|x86.ActiveCfg = Release|Any CPU
		{4101A32A-1CEC-4EB5-AACA-93AA370C1E49}.Release|x86.Build.0 = Release|Any CPU
		{4101A32A-1CEC-4EB5-AACA-93AA370C1E49}.RelWithDebInfo|Any CPU.ActiveCfg = Debug|Any CPU
		{4101A32A-1CEC-4EB5-AACA-93AA370C1E49}.RelWithDebInfo|Any CPU.Build.0 = Debug|Any CPU
		{4101A32A-1CEC-4EB5-AACA-93AA370C1E49}.RelWithDebInfo|ARM.ActiveCfg = Debug|Any CPU
		{4101A32A-1CEC-4EB5-AACA-93AA370C1E49}.RelWithDebInfo|ARM.Build.0 = Debug|Any CPU
		{4101A32A-1CEC-4EB5-AACA-93AA370C1E49}.RelWithDebInfo|iPhone.ActiveCfg = Debug|Any CPU
		{4101A32A-1CEC-4EB5-AACA-93AA370C1E49}.RelWithDebInfo|iPhone.Build.0 = Debug|Any CPU
		{4101A32A-1CEC-4EB5-AACA-93AA370C1E49}.RelWithDebInfo|iPhoneSimulator.ActiveCfg = Debug|Any CPU
		{4101A32A-1CEC-4EB5-AACA-93AA370C1E49}.RelWithDebInfo|iPhoneSimulator.Build.0 = Debug|Any CPU
		{4101A32A-1CEC-4EB5-AACA-93AA370C1E49}.RelWithDebInfo|x64.ActiveCfg = Debug|Any CPU
		{4101A32A-1CEC-4EB5-AACA-93AA370C1E49}.RelWithDebInfo|x64.Build.0 = Debug|Any CPU
		{4101A32A-1CEC-4EB5-AACA-93AA370C1E49}.RelWithDebInfo|x86.ActiveCfg = Debug|Any CPU
		{4101A32A-1CEC-4EB5-AACA-93AA370C1E49}.RelWithDebInfo|x86.Build.0 = Debug|Any CPU
		{D89C5C5F-2BA2-49FC-A5CD-499D570B4B9E}.Debug|Any CPU.ActiveCfg = Debug|Any CPU
		{D89C5C5F-2BA2-49FC-A5CD-499D570B4B9E}.Debug|Any CPU.Build.0 = Debug|Any CPU
		{D89C5C5F-2BA2-49FC-A5CD-499D570B4B9E}.Debug|ARM.ActiveCfg = Debug|Any CPU
		{D89C5C5F-2BA2-49FC-A5CD-499D570B4B9E}.Debug|ARM.Build.0 = Debug|Any CPU
		{D89C5C5F-2BA2-49FC-A5CD-499D570B4B9E}.Debug|iPhone.ActiveCfg = Debug|Any CPU
		{D89C5C5F-2BA2-49FC-A5CD-499D570B4B9E}.Debug|iPhone.Build.0 = Debug|Any CPU
		{D89C5C5F-2BA2-49FC-A5CD-499D570B4B9E}.Debug|iPhoneSimulator.ActiveCfg = Debug|Any CPU
		{D89C5C5F-2BA2-49FC-A5CD-499D570B4B9E}.Debug|iPhoneSimulator.Build.0 = Debug|Any CPU
		{D89C5C5F-2BA2-49FC-A5CD-499D570B4B9E}.Debug|x64.ActiveCfg = Debug|Any CPU
		{D89C5C5F-2BA2-49FC-A5CD-499D570B4B9E}.Debug|x64.Build.0 = Debug|Any CPU
		{D89C5C5F-2BA2-49FC-A5CD-499D570B4B9E}.Debug|x86.ActiveCfg = Debug|Any CPU
		{D89C5C5F-2BA2-49FC-A5CD-499D570B4B9E}.Debug|x86.Build.0 = Debug|Any CPU
		{D89C5C5F-2BA2-49FC-A5CD-499D570B4B9E}.Package|Any CPU.ActiveCfg = Release|Any CPU
		{D89C5C5F-2BA2-49FC-A5CD-499D570B4B9E}.Package|Any CPU.Build.0 = Release|Any CPU
		{D89C5C5F-2BA2-49FC-A5CD-499D570B4B9E}.Package|ARM.ActiveCfg = Release|Any CPU
		{D89C5C5F-2BA2-49FC-A5CD-499D570B4B9E}.Package|ARM.Build.0 = Release|Any CPU
		{D89C5C5F-2BA2-49FC-A5CD-499D570B4B9E}.Package|iPhone.ActiveCfg = Release|Any CPU
		{D89C5C5F-2BA2-49FC-A5CD-499D570B4B9E}.Package|iPhone.Build.0 = Release|Any CPU
		{D89C5C5F-2BA2-49FC-A5CD-499D570B4B9E}.Package|iPhoneSimulator.ActiveCfg = Release|Any CPU
		{D89C5C5F-2BA2-49FC-A5CD-499D570B4B9E}.Package|iPhoneSimulator.Build.0 = Release|Any CPU
		{D89C5C5F-2BA2-49FC-A5CD-499D570B4B9E}.Package|x64.ActiveCfg = Release|Any CPU
		{D89C5C5F-2BA2-49FC-A5CD-499D570B4B9E}.Package|x86.ActiveCfg = Release|Any CPU
		{D89C5C5F-2BA2-49FC-A5CD-499D570B4B9E}.Release|Any CPU.ActiveCfg = Release|Any CPU
		{D89C5C5F-2BA2-49FC-A5CD-499D570B4B9E}.Release|Any CPU.Build.0 = Release|Any CPU
		{D89C5C5F-2BA2-49FC-A5CD-499D570B4B9E}.Release|ARM.ActiveCfg = Release|Any CPU
		{D89C5C5F-2BA2-49FC-A5CD-499D570B4B9E}.Release|ARM.Build.0 = Release|Any CPU
		{D89C5C5F-2BA2-49FC-A5CD-499D570B4B9E}.Release|iPhone.ActiveCfg = Release|Any CPU
		{D89C5C5F-2BA2-49FC-A5CD-499D570B4B9E}.Release|iPhone.Build.0 = Release|Any CPU
		{D89C5C5F-2BA2-49FC-A5CD-499D570B4B9E}.Release|iPhoneSimulator.ActiveCfg = Release|Any CPU
		{D89C5C5F-2BA2-49FC-A5CD-499D570B4B9E}.Release|iPhoneSimulator.Build.0 = Release|Any CPU
		{D89C5C5F-2BA2-49FC-A5CD-499D570B4B9E}.Release|x64.ActiveCfg = Release|Any CPU
		{D89C5C5F-2BA2-49FC-A5CD-499D570B4B9E}.Release|x64.Build.0 = Release|Any CPU
		{D89C5C5F-2BA2-49FC-A5CD-499D570B4B9E}.Release|x86.ActiveCfg = Release|Any CPU
		{D89C5C5F-2BA2-49FC-A5CD-499D570B4B9E}.Release|x86.Build.0 = Release|Any CPU
		{D89C5C5F-2BA2-49FC-A5CD-499D570B4B9E}.RelWithDebInfo|Any CPU.ActiveCfg = Release|Any CPU
		{D89C5C5F-2BA2-49FC-A5CD-499D570B4B9E}.RelWithDebInfo|Any CPU.Build.0 = Release|Any CPU
		{D89C5C5F-2BA2-49FC-A5CD-499D570B4B9E}.RelWithDebInfo|ARM.ActiveCfg = Release|Any CPU
		{D89C5C5F-2BA2-49FC-A5CD-499D570B4B9E}.RelWithDebInfo|ARM.Build.0 = Release|Any CPU
		{D89C5C5F-2BA2-49FC-A5CD-499D570B4B9E}.RelWithDebInfo|iPhone.ActiveCfg = Release|Any CPU
		{D89C5C5F-2BA2-49FC-A5CD-499D570B4B9E}.RelWithDebInfo|iPhone.Build.0 = Release|Any CPU
		{D89C5C5F-2BA2-49FC-A5CD-499D570B4B9E}.RelWithDebInfo|iPhoneSimulator.ActiveCfg = Release|Any CPU
		{D89C5C5F-2BA2-49FC-A5CD-499D570B4B9E}.RelWithDebInfo|iPhoneSimulator.Build.0 = Release|Any CPU
		{D89C5C5F-2BA2-49FC-A5CD-499D570B4B9E}.RelWithDebInfo|x64.ActiveCfg = Release|Any CPU
		{D89C5C5F-2BA2-49FC-A5CD-499D570B4B9E}.RelWithDebInfo|x64.Build.0 = Release|Any CPU
		{D89C5C5F-2BA2-49FC-A5CD-499D570B4B9E}.RelWithDebInfo|x86.ActiveCfg = Release|Any CPU
		{D89C5C5F-2BA2-49FC-A5CD-499D570B4B9E}.RelWithDebInfo|x86.Build.0 = Release|Any CPU
		{2FF0FFB4-9701-4FB7-B963-B70C30A06D48}.Debug|Any CPU.ActiveCfg = Debug|x86
		{2FF0FFB4-9701-4FB7-B963-B70C30A06D48}.Debug|ARM.ActiveCfg = Debug|x86
		{2FF0FFB4-9701-4FB7-B963-B70C30A06D48}.Debug|iPhone.ActiveCfg = Debug|x86
		{2FF0FFB4-9701-4FB7-B963-B70C30A06D48}.Debug|iPhoneSimulator.ActiveCfg = Debug|x86
		{2FF0FFB4-9701-4FB7-B963-B70C30A06D48}.Debug|x64.ActiveCfg = Debug|x86
		{2FF0FFB4-9701-4FB7-B963-B70C30A06D48}.Debug|x86.ActiveCfg = Debug|x86
		{2FF0FFB4-9701-4FB7-B963-B70C30A06D48}.Debug|x86.Build.0 = Debug|x86
		{2FF0FFB4-9701-4FB7-B963-B70C30A06D48}.Debug|x86.Deploy.0 = Debug|x86
		{2FF0FFB4-9701-4FB7-B963-B70C30A06D48}.Package|Any CPU.ActiveCfg = Release|x86
		{2FF0FFB4-9701-4FB7-B963-B70C30A06D48}.Package|ARM.ActiveCfg = Release|x86
		{2FF0FFB4-9701-4FB7-B963-B70C30A06D48}.Package|ARM.Build.0 = Release|x86
		{2FF0FFB4-9701-4FB7-B963-B70C30A06D48}.Package|ARM.Deploy.0 = Release|x86
		{2FF0FFB4-9701-4FB7-B963-B70C30A06D48}.Package|iPhone.ActiveCfg = Release|x86
		{2FF0FFB4-9701-4FB7-B963-B70C30A06D48}.Package|iPhone.Build.0 = Release|x86
		{2FF0FFB4-9701-4FB7-B963-B70C30A06D48}.Package|iPhone.Deploy.0 = Release|x86
		{2FF0FFB4-9701-4FB7-B963-B70C30A06D48}.Package|iPhoneSimulator.ActiveCfg = Release|x86
		{2FF0FFB4-9701-4FB7-B963-B70C30A06D48}.Package|iPhoneSimulator.Build.0 = Release|x86
		{2FF0FFB4-9701-4FB7-B963-B70C30A06D48}.Package|iPhoneSimulator.Deploy.0 = Release|x86
		{2FF0FFB4-9701-4FB7-B963-B70C30A06D48}.Package|x64.ActiveCfg = Release|x86
		{2FF0FFB4-9701-4FB7-B963-B70C30A06D48}.Package|x86.ActiveCfg = Release|x86
		{2FF0FFB4-9701-4FB7-B963-B70C30A06D48}.Release|Any CPU.ActiveCfg = Release|x86
		{2FF0FFB4-9701-4FB7-B963-B70C30A06D48}.Release|ARM.ActiveCfg = Release|x86
		{2FF0FFB4-9701-4FB7-B963-B70C30A06D48}.Release|iPhone.ActiveCfg = Release|x86
		{2FF0FFB4-9701-4FB7-B963-B70C30A06D48}.Release|iPhoneSimulator.ActiveCfg = Release|x86
		{2FF0FFB4-9701-4FB7-B963-B70C30A06D48}.Release|x64.ActiveCfg = Release|x86
		{2FF0FFB4-9701-4FB7-B963-B70C30A06D48}.Release|x86.ActiveCfg = Release|x86
		{2FF0FFB4-9701-4FB7-B963-B70C30A06D48}.Release|x86.Build.0 = Release|x86
		{2FF0FFB4-9701-4FB7-B963-B70C30A06D48}.Release|x86.Deploy.0 = Release|x86
		{2FF0FFB4-9701-4FB7-B963-B70C30A06D48}.RelWithDebInfo|Any CPU.ActiveCfg = Release|x86
		{2FF0FFB4-9701-4FB7-B963-B70C30A06D48}.RelWithDebInfo|Any CPU.Build.0 = Release|x86
		{2FF0FFB4-9701-4FB7-B963-B70C30A06D48}.RelWithDebInfo|Any CPU.Deploy.0 = Release|x86
		{2FF0FFB4-9701-4FB7-B963-B70C30A06D48}.RelWithDebInfo|ARM.ActiveCfg = Release|x86
		{2FF0FFB4-9701-4FB7-B963-B70C30A06D48}.RelWithDebInfo|ARM.Build.0 = Release|x86
		{2FF0FFB4-9701-4FB7-B963-B70C30A06D48}.RelWithDebInfo|ARM.Deploy.0 = Release|x86
		{2FF0FFB4-9701-4FB7-B963-B70C30A06D48}.RelWithDebInfo|iPhone.ActiveCfg = Release|x86
		{2FF0FFB4-9701-4FB7-B963-B70C30A06D48}.RelWithDebInfo|iPhone.Build.0 = Release|x86
		{2FF0FFB4-9701-4FB7-B963-B70C30A06D48}.RelWithDebInfo|iPhone.Deploy.0 = Release|x86
		{2FF0FFB4-9701-4FB7-B963-B70C30A06D48}.RelWithDebInfo|iPhoneSimulator.ActiveCfg = Release|x86
		{2FF0FFB4-9701-4FB7-B963-B70C30A06D48}.RelWithDebInfo|iPhoneSimulator.Build.0 = Release|x86
		{2FF0FFB4-9701-4FB7-B963-B70C30A06D48}.RelWithDebInfo|iPhoneSimulator.Deploy.0 = Release|x86
		{2FF0FFB4-9701-4FB7-B963-B70C30A06D48}.RelWithDebInfo|x64.ActiveCfg = Release|x86
		{2FF0FFB4-9701-4FB7-B963-B70C30A06D48}.RelWithDebInfo|x64.Build.0 = Release|x86
		{2FF0FFB4-9701-4FB7-B963-B70C30A06D48}.RelWithDebInfo|x64.Deploy.0 = Release|x86
		{2FF0FFB4-9701-4FB7-B963-B70C30A06D48}.RelWithDebInfo|x86.ActiveCfg = Release|x86
		{2FF0FFB4-9701-4FB7-B963-B70C30A06D48}.RelWithDebInfo|x86.Build.0 = Release|x86
		{2FF0FFB4-9701-4FB7-B963-B70C30A06D48}.RelWithDebInfo|x86.Deploy.0 = Release|x86
		{53DA692B-1AA6-4D34-B50D-4FDCF9A4612A}.Debug|Any CPU.ActiveCfg = Debug|Any CPU
		{53DA692B-1AA6-4D34-B50D-4FDCF9A4612A}.Debug|Any CPU.Build.0 = Debug|Any CPU
		{53DA692B-1AA6-4D34-B50D-4FDCF9A4612A}.Debug|ARM.ActiveCfg = Debug|Any CPU
		{53DA692B-1AA6-4D34-B50D-4FDCF9A4612A}.Debug|ARM.Build.0 = Debug|Any CPU
		{53DA692B-1AA6-4D34-B50D-4FDCF9A4612A}.Debug|iPhone.ActiveCfg = Debug|Any CPU
		{53DA692B-1AA6-4D34-B50D-4FDCF9A4612A}.Debug|iPhone.Build.0 = Debug|Any CPU
		{53DA692B-1AA6-4D34-B50D-4FDCF9A4612A}.Debug|iPhoneSimulator.ActiveCfg = Debug|Any CPU
		{53DA692B-1AA6-4D34-B50D-4FDCF9A4612A}.Debug|iPhoneSimulator.Build.0 = Debug|Any CPU
		{53DA692B-1AA6-4D34-B50D-4FDCF9A4612A}.Debug|x64.ActiveCfg = Debug|Any CPU
		{53DA692B-1AA6-4D34-B50D-4FDCF9A4612A}.Debug|x64.Build.0 = Debug|Any CPU
		{53DA692B-1AA6-4D34-B50D-4FDCF9A4612A}.Debug|x86.ActiveCfg = Debug|Any CPU
		{53DA692B-1AA6-4D34-B50D-4FDCF9A4612A}.Debug|x86.Build.0 = Debug|Any CPU
		{53DA692B-1AA6-4D34-B50D-4FDCF9A4612A}.Package|Any CPU.ActiveCfg = Release|Any CPU
		{53DA692B-1AA6-4D34-B50D-4FDCF9A4612A}.Package|ARM.ActiveCfg = Release|Any CPU
		{53DA692B-1AA6-4D34-B50D-4FDCF9A4612A}.Package|ARM.Build.0 = Release|Any CPU
		{53DA692B-1AA6-4D34-B50D-4FDCF9A4612A}.Package|iPhone.ActiveCfg = Release|Any CPU
		{53DA692B-1AA6-4D34-B50D-4FDCF9A4612A}.Package|iPhone.Build.0 = Release|Any CPU
		{53DA692B-1AA6-4D34-B50D-4FDCF9A4612A}.Package|iPhoneSimulator.ActiveCfg = Release|Any CPU
		{53DA692B-1AA6-4D34-B50D-4FDCF9A4612A}.Package|iPhoneSimulator.Build.0 = Release|Any CPU
		{53DA692B-1AA6-4D34-B50D-4FDCF9A4612A}.Package|x64.ActiveCfg = Release|Any CPU
		{53DA692B-1AA6-4D34-B50D-4FDCF9A4612A}.Package|x86.ActiveCfg = Release|Any CPU
		{53DA692B-1AA6-4D34-B50D-4FDCF9A4612A}.Release|Any CPU.ActiveCfg = Release|Any CPU
		{53DA692B-1AA6-4D34-B50D-4FDCF9A4612A}.Release|ARM.ActiveCfg = Release|Any CPU
		{53DA692B-1AA6-4D34-B50D-4FDCF9A4612A}.Release|ARM.Build.0 = Release|Any CPU
		{53DA692B-1AA6-4D34-B50D-4FDCF9A4612A}.Release|iPhone.ActiveCfg = Release|Any CPU
		{53DA692B-1AA6-4D34-B50D-4FDCF9A4612A}.Release|iPhone.Build.0 = Release|Any CPU
		{53DA692B-1AA6-4D34-B50D-4FDCF9A4612A}.Release|iPhoneSimulator.ActiveCfg = Release|Any CPU
		{53DA692B-1AA6-4D34-B50D-4FDCF9A4612A}.Release|iPhoneSimulator.Build.0 = Release|Any CPU
		{53DA692B-1AA6-4D34-B50D-4FDCF9A4612A}.Release|x64.ActiveCfg = Release|Any CPU
		{53DA692B-1AA6-4D34-B50D-4FDCF9A4612A}.Release|x64.Build.0 = Release|Any CPU
		{53DA692B-1AA6-4D34-B50D-4FDCF9A4612A}.Release|x86.ActiveCfg = Release|Any CPU
		{53DA692B-1AA6-4D34-B50D-4FDCF9A4612A}.Release|x86.Build.0 = Release|Any CPU
		{53DA692B-1AA6-4D34-B50D-4FDCF9A4612A}.RelWithDebInfo|Any CPU.ActiveCfg = Release|Any CPU
		{53DA692B-1AA6-4D34-B50D-4FDCF9A4612A}.RelWithDebInfo|Any CPU.Build.0 = Release|Any CPU
		{53DA692B-1AA6-4D34-B50D-4FDCF9A4612A}.RelWithDebInfo|ARM.ActiveCfg = Release|Any CPU
		{53DA692B-1AA6-4D34-B50D-4FDCF9A4612A}.RelWithDebInfo|ARM.Build.0 = Release|Any CPU
		{53DA692B-1AA6-4D34-B50D-4FDCF9A4612A}.RelWithDebInfo|iPhone.ActiveCfg = Release|Any CPU
		{53DA692B-1AA6-4D34-B50D-4FDCF9A4612A}.RelWithDebInfo|iPhone.Build.0 = Release|Any CPU
		{53DA692B-1AA6-4D34-B50D-4FDCF9A4612A}.RelWithDebInfo|iPhoneSimulator.ActiveCfg = Release|Any CPU
		{53DA692B-1AA6-4D34-B50D-4FDCF9A4612A}.RelWithDebInfo|iPhoneSimulator.Build.0 = Release|Any CPU
		{53DA692B-1AA6-4D34-B50D-4FDCF9A4612A}.RelWithDebInfo|x64.ActiveCfg = Release|Any CPU
		{53DA692B-1AA6-4D34-B50D-4FDCF9A4612A}.RelWithDebInfo|x64.Build.0 = Release|Any CPU
		{53DA692B-1AA6-4D34-B50D-4FDCF9A4612A}.RelWithDebInfo|x86.ActiveCfg = Release|Any CPU
		{53DA692B-1AA6-4D34-B50D-4FDCF9A4612A}.RelWithDebInfo|x86.Build.0 = Release|Any CPU
		{7BF468FF-6244-4805-BA8B-09075E480AE5}.Debug|Any CPU.ActiveCfg = Debug|x86
		{7BF468FF-6244-4805-BA8B-09075E480AE5}.Debug|ARM.ActiveCfg = Debug|ARM
		{7BF468FF-6244-4805-BA8B-09075E480AE5}.Debug|ARM.Build.0 = Debug|ARM
		{7BF468FF-6244-4805-BA8B-09075E480AE5}.Debug|ARM.Deploy.0 = Debug|ARM
		{7BF468FF-6244-4805-BA8B-09075E480AE5}.Debug|iPhone.ActiveCfg = Debug|x86
		{7BF468FF-6244-4805-BA8B-09075E480AE5}.Debug|iPhoneSimulator.ActiveCfg = Debug|x86
		{7BF468FF-6244-4805-BA8B-09075E480AE5}.Debug|x64.ActiveCfg = Debug|x64
		{7BF468FF-6244-4805-BA8B-09075E480AE5}.Debug|x64.Build.0 = Debug|x64
		{7BF468FF-6244-4805-BA8B-09075E480AE5}.Debug|x64.Deploy.0 = Debug|x64
		{7BF468FF-6244-4805-BA8B-09075E480AE5}.Debug|x86.ActiveCfg = Debug|x86
		{7BF468FF-6244-4805-BA8B-09075E480AE5}.Debug|x86.Build.0 = Debug|x86
		{7BF468FF-6244-4805-BA8B-09075E480AE5}.Debug|x86.Deploy.0 = Debug|x86
		{7BF468FF-6244-4805-BA8B-09075E480AE5}.Package|Any CPU.ActiveCfg = Release|x64
		{7BF468FF-6244-4805-BA8B-09075E480AE5}.Package|ARM.ActiveCfg = Release|ARM
		{7BF468FF-6244-4805-BA8B-09075E480AE5}.Package|ARM.Build.0 = Release|ARM
		{7BF468FF-6244-4805-BA8B-09075E480AE5}.Package|ARM.Deploy.0 = Release|ARM
		{7BF468FF-6244-4805-BA8B-09075E480AE5}.Package|iPhone.ActiveCfg = Release|x64
		{7BF468FF-6244-4805-BA8B-09075E480AE5}.Package|iPhone.Build.0 = Release|x64
		{7BF468FF-6244-4805-BA8B-09075E480AE5}.Package|iPhone.Deploy.0 = Release|x64
		{7BF468FF-6244-4805-BA8B-09075E480AE5}.Package|iPhoneSimulator.ActiveCfg = Release|x64
		{7BF468FF-6244-4805-BA8B-09075E480AE5}.Package|iPhoneSimulator.Build.0 = Release|x64
		{7BF468FF-6244-4805-BA8B-09075E480AE5}.Package|iPhoneSimulator.Deploy.0 = Release|x64
		{7BF468FF-6244-4805-BA8B-09075E480AE5}.Package|x64.ActiveCfg = Release|x64
		{7BF468FF-6244-4805-BA8B-09075E480AE5}.Package|x86.ActiveCfg = Release|x86
		{7BF468FF-6244-4805-BA8B-09075E480AE5}.Release|Any CPU.ActiveCfg = Release|x86
		{7BF468FF-6244-4805-BA8B-09075E480AE5}.Release|ARM.ActiveCfg = Release|ARM
		{7BF468FF-6244-4805-BA8B-09075E480AE5}.Release|ARM.Build.0 = Release|ARM
		{7BF468FF-6244-4805-BA8B-09075E480AE5}.Release|ARM.Deploy.0 = Release|ARM
		{7BF468FF-6244-4805-BA8B-09075E480AE5}.Release|iPhone.ActiveCfg = Release|x86
		{7BF468FF-6244-4805-BA8B-09075E480AE5}.Release|iPhoneSimulator.ActiveCfg = Release|x86
		{7BF468FF-6244-4805-BA8B-09075E480AE5}.Release|x64.ActiveCfg = Release|x64
		{7BF468FF-6244-4805-BA8B-09075E480AE5}.Release|x64.Build.0 = Release|x64
		{7BF468FF-6244-4805-BA8B-09075E480AE5}.Release|x64.Deploy.0 = Release|x64
		{7BF468FF-6244-4805-BA8B-09075E480AE5}.Release|x86.ActiveCfg = Release|x86
		{7BF468FF-6244-4805-BA8B-09075E480AE5}.Release|x86.Build.0 = Release|x86
		{7BF468FF-6244-4805-BA8B-09075E480AE5}.Release|x86.Deploy.0 = Release|x86
		{7BF468FF-6244-4805-BA8B-09075E480AE5}.RelWithDebInfo|Any CPU.ActiveCfg = Release|x64
		{7BF468FF-6244-4805-BA8B-09075E480AE5}.RelWithDebInfo|Any CPU.Build.0 = Release|x64
		{7BF468FF-6244-4805-BA8B-09075E480AE5}.RelWithDebInfo|Any CPU.Deploy.0 = Release|x64
		{7BF468FF-6244-4805-BA8B-09075E480AE5}.RelWithDebInfo|ARM.ActiveCfg = Release|ARM
		{7BF468FF-6244-4805-BA8B-09075E480AE5}.RelWithDebInfo|ARM.Build.0 = Release|ARM
		{7BF468FF-6244-4805-BA8B-09075E480AE5}.RelWithDebInfo|ARM.Deploy.0 = Release|ARM
		{7BF468FF-6244-4805-BA8B-09075E480AE5}.RelWithDebInfo|iPhone.ActiveCfg = Release|x64
		{7BF468FF-6244-4805-BA8B-09075E480AE5}.RelWithDebInfo|iPhone.Build.0 = Release|x64
		{7BF468FF-6244-4805-BA8B-09075E480AE5}.RelWithDebInfo|iPhone.Deploy.0 = Release|x64
		{7BF468FF-6244-4805-BA8B-09075E480AE5}.RelWithDebInfo|iPhoneSimulator.ActiveCfg = Release|x64
		{7BF468FF-6244-4805-BA8B-09075E480AE5}.RelWithDebInfo|iPhoneSimulator.Build.0 = Release|x64
		{7BF468FF-6244-4805-BA8B-09075E480AE5}.RelWithDebInfo|iPhoneSimulator.Deploy.0 = Release|x64
		{7BF468FF-6244-4805-BA8B-09075E480AE5}.RelWithDebInfo|x64.ActiveCfg = Release|x64
		{7BF468FF-6244-4805-BA8B-09075E480AE5}.RelWithDebInfo|x64.Build.0 = Release|x64
		{7BF468FF-6244-4805-BA8B-09075E480AE5}.RelWithDebInfo|x64.Deploy.0 = Release|x64
		{7BF468FF-6244-4805-BA8B-09075E480AE5}.RelWithDebInfo|x86.ActiveCfg = Release|x86
		{7BF468FF-6244-4805-BA8B-09075E480AE5}.RelWithDebInfo|x86.Build.0 = Release|x86
		{7BF468FF-6244-4805-BA8B-09075E480AE5}.RelWithDebInfo|x86.Deploy.0 = Release|x86
		{4D94A708-EF08-4272-A69C-8B1FBC095678}.Debug|Any CPU.ActiveCfg = Debug|Any CPU
		{4D94A708-EF08-4272-A69C-8B1FBC095678}.Debug|Any CPU.Build.0 = Debug|Any CPU
		{4D94A708-EF08-4272-A69C-8B1FBC095678}.Debug|Any CPU.Deploy.0 = Debug|Any CPU
		{4D94A708-EF08-4272-A69C-8B1FBC095678}.Debug|ARM.ActiveCfg = Debug|Any CPU
		{4D94A708-EF08-4272-A69C-8B1FBC095678}.Debug|ARM.Build.0 = Debug|Any CPU
		{4D94A708-EF08-4272-A69C-8B1FBC095678}.Debug|ARM.Deploy.0 = Debug|Any CPU
		{4D94A708-EF08-4272-A69C-8B1FBC095678}.Debug|iPhone.ActiveCfg = Debug|Any CPU
		{4D94A708-EF08-4272-A69C-8B1FBC095678}.Debug|iPhone.Build.0 = Debug|Any CPU
		{4D94A708-EF08-4272-A69C-8B1FBC095678}.Debug|iPhone.Deploy.0 = Debug|Any CPU
		{4D94A708-EF08-4272-A69C-8B1FBC095678}.Debug|iPhoneSimulator.ActiveCfg = Debug|Any CPU
		{4D94A708-EF08-4272-A69C-8B1FBC095678}.Debug|iPhoneSimulator.Build.0 = Debug|Any CPU
		{4D94A708-EF08-4272-A69C-8B1FBC095678}.Debug|iPhoneSimulator.Deploy.0 = Debug|Any CPU
		{4D94A708-EF08-4272-A69C-8B1FBC095678}.Debug|x64.ActiveCfg = Debug|Any CPU
		{4D94A708-EF08-4272-A69C-8B1FBC095678}.Debug|x64.Build.0 = Debug|Any CPU
		{4D94A708-EF08-4272-A69C-8B1FBC095678}.Debug|x64.Deploy.0 = Debug|Any CPU
		{4D94A708-EF08-4272-A69C-8B1FBC095678}.Debug|x86.ActiveCfg = Debug|Any CPU
		{4D94A708-EF08-4272-A69C-8B1FBC095678}.Debug|x86.Build.0 = Debug|Any CPU
		{4D94A708-EF08-4272-A69C-8B1FBC095678}.Debug|x86.Deploy.0 = Debug|Any CPU
		{4D94A708-EF08-4272-A69C-8B1FBC095678}.Package|Any CPU.ActiveCfg = Release|Any CPU
		{4D94A708-EF08-4272-A69C-8B1FBC095678}.Package|ARM.ActiveCfg = Release|Any CPU
		{4D94A708-EF08-4272-A69C-8B1FBC095678}.Package|ARM.Build.0 = Release|Any CPU
		{4D94A708-EF08-4272-A69C-8B1FBC095678}.Package|ARM.Deploy.0 = Release|Any CPU
		{4D94A708-EF08-4272-A69C-8B1FBC095678}.Package|iPhone.ActiveCfg = Release|Any CPU
		{4D94A708-EF08-4272-A69C-8B1FBC095678}.Package|iPhone.Build.0 = Release|Any CPU
		{4D94A708-EF08-4272-A69C-8B1FBC095678}.Package|iPhone.Deploy.0 = Release|Any CPU
		{4D94A708-EF08-4272-A69C-8B1FBC095678}.Package|iPhoneSimulator.ActiveCfg = Release|Any CPU
		{4D94A708-EF08-4272-A69C-8B1FBC095678}.Package|iPhoneSimulator.Build.0 = Release|Any CPU
		{4D94A708-EF08-4272-A69C-8B1FBC095678}.Package|iPhoneSimulator.Deploy.0 = Release|Any CPU
		{4D94A708-EF08-4272-A69C-8B1FBC095678}.Package|x64.ActiveCfg = Release|Any CPU
		{4D94A708-EF08-4272-A69C-8B1FBC095678}.Package|x86.ActiveCfg = Release|Any CPU
		{4D94A708-EF08-4272-A69C-8B1FBC095678}.Release|Any CPU.ActiveCfg = Release|Any CPU
		{4D94A708-EF08-4272-A69C-8B1FBC095678}.Release|ARM.ActiveCfg = Release|Any CPU
		{4D94A708-EF08-4272-A69C-8B1FBC095678}.Release|ARM.Build.0 = Release|Any CPU
		{4D94A708-EF08-4272-A69C-8B1FBC095678}.Release|ARM.Deploy.0 = Release|Any CPU
		{4D94A708-EF08-4272-A69C-8B1FBC095678}.Release|iPhone.ActiveCfg = Release|Any CPU
		{4D94A708-EF08-4272-A69C-8B1FBC095678}.Release|iPhone.Build.0 = Release|Any CPU
		{4D94A708-EF08-4272-A69C-8B1FBC095678}.Release|iPhone.Deploy.0 = Release|Any CPU
		{4D94A708-EF08-4272-A69C-8B1FBC095678}.Release|iPhoneSimulator.ActiveCfg = Release|Any CPU
		{4D94A708-EF08-4272-A69C-8B1FBC095678}.Release|iPhoneSimulator.Build.0 = Release|Any CPU
		{4D94A708-EF08-4272-A69C-8B1FBC095678}.Release|iPhoneSimulator.Deploy.0 = Release|Any CPU
		{4D94A708-EF08-4272-A69C-8B1FBC095678}.Release|x64.ActiveCfg = Release|Any CPU
		{4D94A708-EF08-4272-A69C-8B1FBC095678}.Release|x64.Build.0 = Release|Any CPU
		{4D94A708-EF08-4272-A69C-8B1FBC095678}.Release|x64.Deploy.0 = Release|Any CPU
		{4D94A708-EF08-4272-A69C-8B1FBC095678}.Release|x86.ActiveCfg = Release|Any CPU
		{4D94A708-EF08-4272-A69C-8B1FBC095678}.Release|x86.Build.0 = Release|Any CPU
		{4D94A708-EF08-4272-A69C-8B1FBC095678}.Release|x86.Deploy.0 = Release|Any CPU
		{4D94A708-EF08-4272-A69C-8B1FBC095678}.RelWithDebInfo|Any CPU.ActiveCfg = Release|Any CPU
		{4D94A708-EF08-4272-A69C-8B1FBC095678}.RelWithDebInfo|Any CPU.Build.0 = Release|Any CPU
		{4D94A708-EF08-4272-A69C-8B1FBC095678}.RelWithDebInfo|Any CPU.Deploy.0 = Release|Any CPU
		{4D94A708-EF08-4272-A69C-8B1FBC095678}.RelWithDebInfo|ARM.ActiveCfg = Release|Any CPU
		{4D94A708-EF08-4272-A69C-8B1FBC095678}.RelWithDebInfo|ARM.Build.0 = Release|Any CPU
		{4D94A708-EF08-4272-A69C-8B1FBC095678}.RelWithDebInfo|ARM.Deploy.0 = Release|Any CPU
		{4D94A708-EF08-4272-A69C-8B1FBC095678}.RelWithDebInfo|iPhone.ActiveCfg = Release|Any CPU
		{4D94A708-EF08-4272-A69C-8B1FBC095678}.RelWithDebInfo|iPhone.Build.0 = Release|Any CPU
		{4D94A708-EF08-4272-A69C-8B1FBC095678}.RelWithDebInfo|iPhone.Deploy.0 = Release|Any CPU
		{4D94A708-EF08-4272-A69C-8B1FBC095678}.RelWithDebInfo|iPhoneSimulator.ActiveCfg = Release|Any CPU
		{4D94A708-EF08-4272-A69C-8B1FBC095678}.RelWithDebInfo|iPhoneSimulator.Build.0 = Release|Any CPU
		{4D94A708-EF08-4272-A69C-8B1FBC095678}.RelWithDebInfo|iPhoneSimulator.Deploy.0 = Release|Any CPU
		{4D94A708-EF08-4272-A69C-8B1FBC095678}.RelWithDebInfo|x64.ActiveCfg = Release|Any CPU
		{4D94A708-EF08-4272-A69C-8B1FBC095678}.RelWithDebInfo|x64.Build.0 = Release|Any CPU
		{4D94A708-EF08-4272-A69C-8B1FBC095678}.RelWithDebInfo|x64.Deploy.0 = Release|Any CPU
		{4D94A708-EF08-4272-A69C-8B1FBC095678}.RelWithDebInfo|x86.ActiveCfg = Release|Any CPU
		{4D94A708-EF08-4272-A69C-8B1FBC095678}.RelWithDebInfo|x86.Build.0 = Release|Any CPU
		{4D94A708-EF08-4272-A69C-8B1FBC095678}.RelWithDebInfo|x86.Deploy.0 = Release|Any CPU
		{D5F96CAF-F3C6-46AD-B653-F9406A943C6F}.Debug|Any CPU.ActiveCfg = Debug|Any CPU
		{D5F96CAF-F3C6-46AD-B653-F9406A943C6F}.Debug|Any CPU.Build.0 = Debug|Any CPU
		{D5F96CAF-F3C6-46AD-B653-F9406A943C6F}.Debug|ARM.ActiveCfg = Debug|ARM
		{D5F96CAF-F3C6-46AD-B653-F9406A943C6F}.Debug|ARM.Build.0 = Debug|ARM
		{D5F96CAF-F3C6-46AD-B653-F9406A943C6F}.Debug|iPhone.ActiveCfg = Debug|Any CPU
		{D5F96CAF-F3C6-46AD-B653-F9406A943C6F}.Debug|iPhone.Build.0 = Debug|Any CPU
		{D5F96CAF-F3C6-46AD-B653-F9406A943C6F}.Debug|iPhoneSimulator.ActiveCfg = Debug|Any CPU
		{D5F96CAF-F3C6-46AD-B653-F9406A943C6F}.Debug|iPhoneSimulator.Build.0 = Debug|Any CPU
		{D5F96CAF-F3C6-46AD-B653-F9406A943C6F}.Debug|x64.ActiveCfg = Debug|x64
		{D5F96CAF-F3C6-46AD-B653-F9406A943C6F}.Debug|x64.Build.0 = Debug|x64
		{D5F96CAF-F3C6-46AD-B653-F9406A943C6F}.Debug|x86.ActiveCfg = Debug|x86
		{D5F96CAF-F3C6-46AD-B653-F9406A943C6F}.Debug|x86.Build.0 = Debug|x86
		{D5F96CAF-F3C6-46AD-B653-F9406A943C6F}.Package|Any CPU.ActiveCfg = Release|Any CPU
		{D5F96CAF-F3C6-46AD-B653-F9406A943C6F}.Package|Any CPU.Build.0 = Release|Any CPU
		{D5F96CAF-F3C6-46AD-B653-F9406A943C6F}.Package|ARM.ActiveCfg = Release|ARM
		{D5F96CAF-F3C6-46AD-B653-F9406A943C6F}.Package|ARM.Build.0 = Release|ARM
		{D5F96CAF-F3C6-46AD-B653-F9406A943C6F}.Package|iPhone.ActiveCfg = Release|Any CPU
		{D5F96CAF-F3C6-46AD-B653-F9406A943C6F}.Package|iPhone.Build.0 = Release|Any CPU
		{D5F96CAF-F3C6-46AD-B653-F9406A943C6F}.Package|iPhoneSimulator.ActiveCfg = Release|Any CPU
		{D5F96CAF-F3C6-46AD-B653-F9406A943C6F}.Package|iPhoneSimulator.Build.0 = Release|Any CPU
		{D5F96CAF-F3C6-46AD-B653-F9406A943C6F}.Package|x64.ActiveCfg = Release|Any CPU
		{D5F96CAF-F3C6-46AD-B653-F9406A943C6F}.Package|x86.ActiveCfg = Release|Any CPU
		{D5F96CAF-F3C6-46AD-B653-F9406A943C6F}.Package|x86.Build.0 = Release|Any CPU
		{D5F96CAF-F3C6-46AD-B653-F9406A943C6F}.Release|Any CPU.ActiveCfg = Release|Any CPU
		{D5F96CAF-F3C6-46AD-B653-F9406A943C6F}.Release|Any CPU.Build.0 = Release|Any CPU
		{D5F96CAF-F3C6-46AD-B653-F9406A943C6F}.Release|ARM.ActiveCfg = Release|ARM
		{D5F96CAF-F3C6-46AD-B653-F9406A943C6F}.Release|ARM.Build.0 = Release|ARM
		{D5F96CAF-F3C6-46AD-B653-F9406A943C6F}.Release|iPhone.ActiveCfg = Release|Any CPU
		{D5F96CAF-F3C6-46AD-B653-F9406A943C6F}.Release|iPhone.Build.0 = Release|Any CPU
		{D5F96CAF-F3C6-46AD-B653-F9406A943C6F}.Release|iPhoneSimulator.ActiveCfg = Release|Any CPU
		{D5F96CAF-F3C6-46AD-B653-F9406A943C6F}.Release|iPhoneSimulator.Build.0 = Release|Any CPU
		{D5F96CAF-F3C6-46AD-B653-F9406A943C6F}.Release|x64.ActiveCfg = Release|x64
		{D5F96CAF-F3C6-46AD-B653-F9406A943C6F}.Release|x64.Build.0 = Release|x64
		{D5F96CAF-F3C6-46AD-B653-F9406A943C6F}.Release|x86.ActiveCfg = Release|x86
		{D5F96CAF-F3C6-46AD-B653-F9406A943C6F}.Release|x86.Build.0 = Release|x86
		{D5F96CAF-F3C6-46AD-B653-F9406A943C6F}.RelWithDebInfo|Any CPU.ActiveCfg = Release|Any CPU
		{D5F96CAF-F3C6-46AD-B653-F9406A943C6F}.RelWithDebInfo|Any CPU.Build.0 = Release|Any CPU
		{D5F96CAF-F3C6-46AD-B653-F9406A943C6F}.RelWithDebInfo|ARM.ActiveCfg = Release|ARM
		{D5F96CAF-F3C6-46AD-B653-F9406A943C6F}.RelWithDebInfo|ARM.Build.0 = Release|ARM
		{D5F96CAF-F3C6-46AD-B653-F9406A943C6F}.RelWithDebInfo|iPhone.ActiveCfg = Release|Any CPU
		{D5F96CAF-F3C6-46AD-B653-F9406A943C6F}.RelWithDebInfo|iPhone.Build.0 = Release|Any CPU
		{D5F96CAF-F3C6-46AD-B653-F9406A943C6F}.RelWithDebInfo|iPhoneSimulator.ActiveCfg = Release|Any CPU
		{D5F96CAF-F3C6-46AD-B653-F9406A943C6F}.RelWithDebInfo|iPhoneSimulator.Build.0 = Release|Any CPU
		{D5F96CAF-F3C6-46AD-B653-F9406A943C6F}.RelWithDebInfo|x64.ActiveCfg = Release|x64
		{D5F96CAF-F3C6-46AD-B653-F9406A943C6F}.RelWithDebInfo|x64.Build.0 = Release|x64
		{D5F96CAF-F3C6-46AD-B653-F9406A943C6F}.RelWithDebInfo|x86.ActiveCfg = Release|x86
		{D5F96CAF-F3C6-46AD-B653-F9406A943C6F}.RelWithDebInfo|x86.Build.0 = Release|x86
	EndGlobalSection
	GlobalSection(SolutionProperties) = preSolution
		HideSolutionNode = FALSE
	EndGlobalSection
	GlobalSection(NestedProjects) = preSolution
		{D599C47F-B9E0-4A58-82E8-6286E0442E8F} = {B2858361-A335-49FA-A9B9-8877E4B1B0EF}
		{8BAE491B-46F0-4A51-A456-D7A3B332BDC4} = {B2858361-A335-49FA-A9B9-8877E4B1B0EF}
		{8F3352BA-BF6A-49F8-81D6-58D54B3EA72B} = {B2858361-A335-49FA-A9B9-8877E4B1B0EF}
		{68A19C58-7EBA-4AF4-BE15-F5D7A13B6C97} = {02DFD71E-AC0B-4D8A-9038-CD4EE9ED7209}
		{7B31BB67-CA12-41DD-8DDF-779B7E7561D3} = {1958F8CC-E712-41FF-9C2C-3F7FD4B6C511}
		{BB427E6D-F5F7-46B6-90D5-72E3F20707E0} = {02DFD71E-AC0B-4D8A-9038-CD4EE9ED7209}
		{6D2AD32A-1630-4AB2-82CA-4CA825AFEAB2} = {02DFD71E-AC0B-4D8A-9038-CD4EE9ED7209}
		{8048936D-C4A6-4AE8-8D65-DA1FAB7B3EF8} = {02DFD71E-AC0B-4D8A-9038-CD4EE9ED7209}
		{BB6A00AC-BD77-4DD1-B055-14CCCA85AA37} = {02DFD71E-AC0B-4D8A-9038-CD4EE9ED7209}
		{4F14BAF5-B5CD-4D99-994A-1A38FF18D94E} = {B2858361-A335-49FA-A9B9-8877E4B1B0EF}
		{4101A32A-1CEC-4EB5-AACA-93AA370C1E49} = {1958F8CC-E712-41FF-9C2C-3F7FD4B6C511}
		{D89C5C5F-2BA2-49FC-A5CD-499D570B4B9E} = {1958F8CC-E712-41FF-9C2C-3F7FD4B6C511}
		{2FF0FFB4-9701-4FB7-B963-B70C30A06D48} = {7B31BB67-CA12-41DD-8DDF-779B7E7561D3}
		{53DA692B-1AA6-4D34-B50D-4FDCF9A4612A} = {7B31BB67-CA12-41DD-8DDF-779B7E7561D3}
		{7BF468FF-6244-4805-BA8B-09075E480AE5} = {7B31BB67-CA12-41DD-8DDF-779B7E7561D3}
		{4D94A708-EF08-4272-A69C-8B1FBC095678} = {7B31BB67-CA12-41DD-8DDF-779B7E7561D3}
	EndGlobalSection
EndGlobal
